// !$*UTF8*$!
{
	archiveVersion = 1;
	classes = {
	};
	objectVersion = 46;
	objects = {

/* Begin PBXBuildFile section */
		1F1224D41D976FEA0094C6CE /* CHSReResumePreviewViewController.swift in Sources */ = {isa = PBXBuildFile; fileRef = 1F1224D21D976FEA0094C6CE /* CHSReResumePreviewViewController.swift */; };
		1F1224D51D976FEA0094C6CE /* CHSReResumePreviewViewController.xib in Resources */ = {isa = PBXBuildFile; fileRef = 1F1224D31D976FEA0094C6CE /* CHSReResumePreviewViewController.xib */; };
		1F1224D71D979CA60094C6CE /* CHSRePreviewViewController.swift in Sources */ = {isa = PBXBuildFile; fileRef = 1F1224D61D979CA60094C6CE /* CHSRePreviewViewController.swift */; };
		1F1224D91D97AE5A0094C6CE /* CHSReEduExperienceViewController.swift in Sources */ = {isa = PBXBuildFile; fileRef = 1F1224D81D97AE590094C6CE /* CHSReEduExperienceViewController.swift */; };
		1F1224DB1D97AEA60094C6CE /* CHSReEditEduExperienceViewController.swift in Sources */ = {isa = PBXBuildFile; fileRef = 1F1224DA1D97AEA60094C6CE /* CHSReEditEduExperienceViewController.swift */; };
		1F14AF431D93CD0A00456A80 /* FTTaRetrievalViewController.swift in Sources */ = {isa = PBXBuildFile; fileRef = 1F14AF421D93CD0A00456A80 /* FTTaRetrievalViewController.swift */; };
		1F180F6C1D8E40CC00EDBCE3 /* CHSChRetrievalViewController.swift in Sources */ = {isa = PBXBuildFile; fileRef = 1F180F6B1D8E40CC00EDBCE3 /* CHSChRetrievalViewController.swift */; };
		1F180F701D8E6EE800EDBCE3 /* CHSChPersonalInfoViewController.swift in Sources */ = {isa = PBXBuildFile; fileRef = 1F180F6F1D8E6EE800EDBCE3 /* CHSChPersonalInfoViewController.swift */; };
		1F482B891D7FBD630079A62B /* ChChCityViewController.swift in Sources */ = {isa = PBXBuildFile; fileRef = 1F482B881D7FBD630079A62B /* ChChCityViewController.swift */; };
		1F482B8C1D7FBE400079A62B /* citydict.plist in Resources */ = {isa = PBXBuildFile; fileRef = 1F482B8B1D7FBE400079A62B /* citydict.plist */; };
		1F482B8F1D7FE9C80079A62B /* ChChCityTableViewCell.swift in Sources */ = {isa = PBXBuildFile; fileRef = 1F482B8D1D7FE9C80079A62B /* ChChCityTableViewCell.swift */; };
		1F482B901D7FE9C80079A62B /* ChChCityTableViewCell.xib in Resources */ = {isa = PBXBuildFile; fileRef = 1F482B8E1D7FE9C80079A62B /* ChChCityTableViewCell.xib */; };
		1F482B921D7FF7B80079A62B /* ChChSearchViewController.swift in Sources */ = {isa = PBXBuildFile; fileRef = 1F482B911D7FF7B80079A62B /* ChChSearchViewController.swift */; };
		1F482B9C1D8002560079A62B /* ChChSearchTableViewCell.swift in Sources */ = {isa = PBXBuildFile; fileRef = 1F482B9B1D8002560079A62B /* ChChSearchTableViewCell.swift */; };
		1F4FD25B1D767CC500FF7040 /* Tool.swift in Sources */ = {isa = PBXBuildFile; fileRef = 1F4FD25A1D767CC500FF7040 /* Tool.swift */; };
		1F4FD2651D76C01D00FF7040 /* BButton.m in Sources */ = {isa = PBXBuildFile; fileRef = 1F4FD25E1D76C01D00FF7040 /* BButton.m */; };
		1F4FD2661D76C01D00FF7040 /* NSString+FontAwesome.m in Sources */ = {isa = PBXBuildFile; fileRef = 1F4FD2601D76C01D00FF7040 /* NSString+FontAwesome.m */; };
		1F4FD2671D76C01D00FF7040 /* FontAwesome.ttf in Resources */ = {isa = PBXBuildFile; fileRef = 1F4FD2621D76C01D00FF7040 /* FontAwesome.ttf */; };
		1F4FD2681D76C01D00FF7040 /* UIColor+BButton.m in Sources */ = {isa = PBXBuildFile; fileRef = 1F4FD2641D76C01D00FF7040 /* UIColor+BButton.m */; };
		1F7B303A1D7FA36600D0BF56 /* MapKit.framework in Frameworks */ = {isa = PBXBuildFile; fileRef = 1F7B30391D7FA36600D0BF56 /* MapKit.framework */; };
		1F87411B1D82AF47007B8793 /* LoForgetPasswordViewController.swift in Sources */ = {isa = PBXBuildFile; fileRef = 1F87411A1D82AF47007B8793 /* LoForgetPasswordViewController.swift */; };
		1F87411D1D82C22B007B8793 /* LoRegisterViewController.swift in Sources */ = {isa = PBXBuildFile; fileRef = 1F87411C1D82C22B007B8793 /* LoRegisterViewController.swift */; };
		1F9CE7C11D87D4DB002E6632 /* CHSReEditPersonalInfoViewController.swift in Sources */ = {isa = PBXBuildFile; fileRef = 1F9CE7C01D87D4DB002E6632 /* CHSReEditPersonalInfoViewController.swift */; };
		1F9CE7C31D8802FC002E6632 /* CHSReJobIntensionViewController.swift in Sources */ = {isa = PBXBuildFile; fileRef = 1F9CE7C21D8802FC002E6632 /* CHSReJobIntensionViewController.swift */; };
		1FA93F511D7EC78300CBFE48 /* ChChFindEmployerTableViewCell.swift in Sources */ = {isa = PBXBuildFile; fileRef = 1FA93F4F1D7EC78300CBFE48 /* ChChFindEmployerTableViewCell.swift */; };
		1FA93F521D7EC78300CBFE48 /* ChChFindEmployerTableViewCell.xib in Resources */ = {isa = PBXBuildFile; fileRef = 1FA93F501D7EC78300CBFE48 /* ChChFindEmployerTableViewCell.xib */; };
		1FB311531D96615400217DDA /* FTTaPositionViewController.swift in Sources */ = {isa = PBXBuildFile; fileRef = 1FB311521D96615400217DDA /* FTTaPositionViewController.swift */; };
		1FB311551D9666F400217DDA /* FTTaCompanyInfoViewController.swift in Sources */ = {isa = PBXBuildFile; fileRef = 1FB311541D9666F400217DDA /* FTTaCompanyInfoViewController.swift */; };
		1FB6D5EB1D9B5B2A00262BBD /* CHSUserInfo.swift in Sources */ = {isa = PBXBuildFile; fileRef = 1FB6D5EA1D9B5B2A00262BBD /* CHSUserInfo.swift */; };
		1FB6D5EE1D9B8D0700262BBD /* CHSMiNetUtil.swift in Sources */ = {isa = PBXBuildFile; fileRef = 1FB6D5ED1D9B8D0700262BBD /* CHSMiNetUtil.swift */; };
		1FB6D5F01D9B985C00262BBD /* CHSMiMyBonusViewController.swift in Sources */ = {isa = PBXBuildFile; fileRef = 1FB6D5EF1D9B985C00262BBD /* CHSMiMyBonusViewController.swift */; };
		1FB6D5F31D9B98BE00262BBD /* CHSMiMyBounsTableViewCell.swift in Sources */ = {isa = PBXBuildFile; fileRef = 1FB6D5F11D9B98BE00262BBD /* CHSMiMyBounsTableViewCell.swift */; };
		1FB6D5F41D9B98BE00262BBD /* CHSMiMyBounsTableViewCell.xib in Resources */ = {isa = PBXBuildFile; fileRef = 1FB6D5F21D9B98BE00262BBD /* CHSMiMyBounsTableViewCell.xib */; };
		1FB6D5F61D9B9E1900262BBD /* CHSMiMyBlacklistViewController.swift in Sources */ = {isa = PBXBuildFile; fileRef = 1FB6D5F51D9B9E1900262BBD /* CHSMiMyBlacklistViewController.swift */; };
		1FB6D5F91D9B9EA700262BBD /* CHSMiMyBlacklistTableViewCell.swift in Sources */ = {isa = PBXBuildFile; fileRef = 1FB6D5F71D9B9EA700262BBD /* CHSMiMyBlacklistTableViewCell.swift */; };
		1FB6D5FA1D9B9EA700262BBD /* CHSMiMyBlacklistTableViewCell.xib in Resources */ = {isa = PBXBuildFile; fileRef = 1FB6D5F81D9B9EA700262BBD /* CHSMiMyBlacklistTableViewCell.xib */; };
		1FB6D5FC1D9BC31400262BBD /* FTMiMyRewardViewController.swift in Sources */ = {isa = PBXBuildFile; fileRef = 1FB6D5FB1D9BC31400262BBD /* FTMiMyRewardViewController.swift */; };
		1FB6D5FF1D9BC3BA00262BBD /* FTMiMyRewardTableViewCell.swift in Sources */ = {isa = PBXBuildFile; fileRef = 1FB6D5FD1D9BC3BA00262BBD /* FTMiMyRewardTableViewCell.swift */; };
		1FB6D6001D9BC3BA00262BBD /* FTMiMyRewardTableViewCell.xib in Resources */ = {isa = PBXBuildFile; fileRef = 1FB6D5FE1D9BC3BA00262BBD /* FTMiMyRewardTableViewCell.xib */; };
		1FCDFEC01D73E6DB0067970B /* AppDelegate.swift in Sources */ = {isa = PBXBuildFile; fileRef = 1FCDFEBF1D73E6DB0067970B /* AppDelegate.swift */; };
		1FCDFEC21D73E6DB0067970B /* ViewController.swift in Sources */ = {isa = PBXBuildFile; fileRef = 1FCDFEC11D73E6DB0067970B /* ViewController.swift */; };
		1FCDFEC51D73E6DB0067970B /* Main.storyboard in Resources */ = {isa = PBXBuildFile; fileRef = 1FCDFEC31D73E6DB0067970B /* Main.storyboard */; };
		1FCDFEC71D73E6DB0067970B /* Assets.xcassets in Resources */ = {isa = PBXBuildFile; fileRef = 1FCDFEC61D73E6DB0067970B /* Assets.xcassets */; };
		1FCDFECA1D73E6DB0067970B /* LaunchScreen.storyboard in Resources */ = {isa = PBXBuildFile; fileRef = 1FCDFEC81D73E6DB0067970B /* LaunchScreen.storyboard */; };
		1FCDFED51D73E6DB0067970B /* Challenge_high_salaryTests.swift in Sources */ = {isa = PBXBuildFile; fileRef = 1FCDFED41D73E6DB0067970B /* Challenge_high_salaryTests.swift */; };
		1FCDFEE01D73E6DB0067970B /* Challenge_high_salaryUITests.swift in Sources */ = {isa = PBXBuildFile; fileRef = 1FCDFEDF1D73E6DB0067970B /* Challenge_high_salaryUITests.swift */; };
		1FCDFF011D7411160067970B /* LoHomeViewController.swift in Sources */ = {isa = PBXBuildFile; fileRef = 1FCDFEFF1D7411160067970B /* LoHomeViewController.swift */; };
		1FD7FBD61D795BA70032221D /* WeHomeViewController.swift in Sources */ = {isa = PBXBuildFile; fileRef = 1FD7FBD51D795BA70032221D /* WeHomeViewController.swift */; };
		1FDB00131D8F7490007043B4 /* CHSChCompanyHomeViewController.swift in Sources */ = {isa = PBXBuildFile; fileRef = 1FDB00121D8F7490007043B4 /* CHSChCompanyHomeViewController.swift */; };
		1FDB00181D8F8ED9007043B4 /* CHSChCompanyPositionTableViewCell.swift in Sources */ = {isa = PBXBuildFile; fileRef = 1FDB00161D8F8ED9007043B4 /* CHSChCompanyPositionTableViewCell.swift */; };
		1FDB00191D8F8ED9007043B4 /* CHSChCompanyPositionTableViewCell.xib in Resources */ = {isa = PBXBuildFile; fileRef = 1FDB00171D8F8ED9007043B4 /* CHSChCompanyPositionTableViewCell.xib */; };
		1FDB001B1D8FB0EE007043B4 /* CHSChCompanyPositionListViewController.swift in Sources */ = {isa = PBXBuildFile; fileRef = 1FDB001A1D8FB0EE007043B4 /* CHSChCompanyPositionListViewController.swift */; };
		1FDB001D1D8FB712007043B4 /* CHSReJobExperienceViewController.swift in Sources */ = {isa = PBXBuildFile; fileRef = 1FDB001C1D8FB712007043B4 /* CHSReJobExperienceViewController.swift */; };
		1FDB001F1D8FC5D7007043B4 /* CHSReProjectExperienceViewController.swift in Sources */ = {isa = PBXBuildFile; fileRef = 1FDB001E1D8FC5D7007043B4 /* CHSReProjectExperienceViewController.swift */; };
		1FDB00211D8FC70B007043B4 /* CHSReMyAdvantagesViewController.swift in Sources */ = {isa = PBXBuildFile; fileRef = 1FDB00201D8FC70B007043B4 /* CHSReMyAdvantagesViewController.swift */; };
		1FDB00241D8FCB4A007043B4 /* CHSMiHomeTableViewCell.swift in Sources */ = {isa = PBXBuildFile; fileRef = 1FDB00231D8FCB4A007043B4 /* CHSMiHomeTableViewCell.swift */; };
		1FDB00261D8FD2A0007043B4 /* CHSMiSettingViewController.swift in Sources */ = {isa = PBXBuildFile; fileRef = 1FDB00251D8FD2A0007043B4 /* CHSMiSettingViewController.swift */; };
		1FEC64DA1D9120A60045038C /* CHSMiSetPasswordViewController.swift in Sources */ = {isa = PBXBuildFile; fileRef = 1FEC64D91D9120A60045038C /* CHSMiSetPasswordViewController.swift */; };
		1FEC64DC1D9120C50045038C /* CHSMiPhoneBindingViewController.swift in Sources */ = {isa = PBXBuildFile; fileRef = 1FEC64DB1D9120C50045038C /* CHSMiPhoneBindingViewController.swift */; };
		1FEC64DE1D9121460045038C /* CHSMiCheckPasswordViewController.swift in Sources */ = {isa = PBXBuildFile; fileRef = 1FEC64DD1D9121460045038C /* CHSMiCheckPasswordViewController.swift */; };
		1FEC64E01D912AF70045038C /* CHSMiMessageRemindViewController.swift in Sources */ = {isa = PBXBuildFile; fileRef = 1FEC64DF1D912AF70045038C /* CHSMiMessageRemindViewController.swift */; };
		1FEF80981D810A0400486F9C /* FTRoHomeViewController.swift in Sources */ = {isa = PBXBuildFile; fileRef = 1FEF80971D810A0400486F9C /* FTRoHomeViewController.swift */; };
		1FEF809D1D810A4D00486F9C /* FTTaHomeViewController.swift in Sources */ = {isa = PBXBuildFile; fileRef = 1FEF809C1D810A4D00486F9C /* FTTaHomeViewController.swift */; };
		1FEF809F1D810A5B00486F9C /* FTMeHomeViewController.swift in Sources */ = {isa = PBXBuildFile; fileRef = 1FEF809E1D810A5B00486F9C /* FTMeHomeViewController.swift */; };
		1FEF80A11D810A7600486F9C /* FTMiHomeViewController.swift in Sources */ = {isa = PBXBuildFile; fileRef = 1FEF80A01D810A7600486F9C /* FTMiHomeViewController.swift */; };
		1FEF80A41D810E5700486F9C /* FTTaNoPositionTableViewCell.swift in Sources */ = {isa = PBXBuildFile; fileRef = 1FEF80A31D810E5700486F9C /* FTTaNoPositionTableViewCell.swift */; };
		1FF06CB41D7D16540032943B /* CHRoHomeViewController.swift in Sources */ = {isa = PBXBuildFile; fileRef = 1FF06CB31D7D16540032943B /* CHRoHomeViewController.swift */; };
		1FF06CBA1D7D16A20032943B /* ChMiHomeViewController.swift in Sources */ = {isa = PBXBuildFile; fileRef = 1FF06CB91D7D16A20032943B /* ChMiHomeViewController.swift */; };
		1FF06CBC1D7D17760032943B /* ChMeHomeViewController.swift in Sources */ = {isa = PBXBuildFile; fileRef = 1FF06CBB1D7D17760032943B /* ChMeHomeViewController.swift */; };
		1FF06CBE1D7D17860032943B /* ChReHomeViewController.swift in Sources */ = {isa = PBXBuildFile; fileRef = 1FF06CBD1D7D17860032943B /* ChReHomeViewController.swift */; };
		1FF06CC01D7D17960032943B /* ChChHomeViewController.swift in Sources */ = {isa = PBXBuildFile; fileRef = 1FF06CBF1D7D17960032943B /* ChChHomeViewController.swift */; };
		1FF06CC41D7D50E20032943B /* LFLUISegmentedControl.m in Sources */ = {isa = PBXBuildFile; fileRef = 1FF06CC31D7D50E20032943B /* LFLUISegmentedControl.m */; };
		1FF06CD21D7D609A0032943B /* DPDConstants.swift in Sources */ = {isa = PBXBuildFile; fileRef = 1FF06CC81D7D609A0032943B /* DPDConstants.swift */; };
		1FF06CD31D7D609A0032943B /* DPDKeyboardListener.swift in Sources */ = {isa = PBXBuildFile; fileRef = 1FF06CC91D7D609A0032943B /* DPDKeyboardListener.swift */; };
		1FF06CD41D7D609A0032943B /* DPDUIView+Extension.swift in Sources */ = {isa = PBXBuildFile; fileRef = 1FF06CCA1D7D609A0032943B /* DPDUIView+Extension.swift */; };
		1FF06CD51D7D609A0032943B /* Info.plist in Resources */ = {isa = PBXBuildFile; fileRef = 1FF06CCB1D7D609A0032943B /* Info.plist */; };
		1FF06CD61D7D609A0032943B /* DropDownCell.xib in Resources */ = {isa = PBXBuildFile; fileRef = 1FF06CCD1D7D609A0032943B /* DropDownCell.xib */; };
		1FF06CD71D7D609A0032943B /* DropDown+Appearance.swift in Sources */ = {isa = PBXBuildFile; fileRef = 1FF06CCF1D7D609A0032943B /* DropDown+Appearance.swift */; };
		1FF06CD81D7D609A0032943B /* DropDown.swift in Sources */ = {isa = PBXBuildFile; fileRef = 1FF06CD01D7D609A0032943B /* DropDown.swift */; };
		1FF06CD91D7D609A0032943B /* DropDownCell.swift in Sources */ = {isa = PBXBuildFile; fileRef = 1FF06CD11D7D609A0032943B /* DropDownCell.swift */; };
		1FF06CDD1D7D6D970032943B /* ChChFindJobTableViewCell.swift in Sources */ = {isa = PBXBuildFile; fileRef = 1FF06CDB1D7D6D970032943B /* ChChFindJobTableViewCell.swift */; };
		1FF06CDE1D7D6D970032943B /* ChChFindJobTableViewCell.xib in Resources */ = {isa = PBXBuildFile; fileRef = 1FF06CDC1D7D6D970032943B /* ChChFindJobTableViewCell.xib */; };
		1FF3C69D1D9262100069DD23 /* CHSMiAboutUsViewController.swift in Sources */ = {isa = PBXBuildFile; fileRef = 1FF3C69C1D9262100069DD23 /* CHSMiAboutUsViewController.swift */; };
		1FF3C69F1D9264E70069DD23 /* CHSMiMyCollectionViewController.swift in Sources */ = {isa = PBXBuildFile; fileRef = 1FF3C69E1D9264E70069DD23 /* CHSMiMyCollectionViewController.swift */; };
		1FF3C6A11D9269F70069DD23 /* CHSMiMyDeliveryRecordViewController.swift in Sources */ = {isa = PBXBuildFile; fileRef = 1FF3C6A01D9269F70069DD23 /* CHSMiMyDeliveryRecordViewController.swift */; };
		1FF3C6A31D926E210069DD23 /* CHSChCompanyInterviewEvaluationViewController.swift in Sources */ = {isa = PBXBuildFile; fileRef = 1FF3C6A21D926E210069DD23 /* CHSChCompanyInterviewEvaluationViewController.swift */; };
		1FF3C6A61D927E040069DD23 /* CHSChInterviewEvaHeaderTableViewCell.swift in Sources */ = {isa = PBXBuildFile; fileRef = 1FF3C6A41D927E040069DD23 /* CHSChInterviewEvaHeaderTableViewCell.swift */; };
		1FF3C6A71D927E040069DD23 /* CHSChInterviewEvaHeaderTableViewCell.xib in Resources */ = {isa = PBXBuildFile; fileRef = 1FF3C6A51D927E040069DD23 /* CHSChInterviewEvaHeaderTableViewCell.xib */; };
		1FF3C6AC1D927E380069DD23 /* CHSChInterviewEvaTableViewCell.swift in Sources */ = {isa = PBXBuildFile; fileRef = 1FF3C6AA1D927E380069DD23 /* CHSChInterviewEvaTableViewCell.swift */; };
		1FF3C6AD1D927E380069DD23 /* CHSChInterviewEvaTableViewCell.xib in Resources */ = {isa = PBXBuildFile; fileRef = 1FF3C6AB1D927E380069DD23 /* CHSChInterviewEvaTableViewCell.xib */; };
		1FF524D11D88DBD800E1B70F /* LoginNetUtil.swift in Sources */ = {isa = PBXBuildFile; fileRef = 1FF524D01D88DBD800E1B70F /* LoginNetUtil.swift */; };
		1FF524D51D88E8C700E1B70F /* LoginModel.swift in Sources */ = {isa = PBXBuildFile; fileRef = 1FF524D41D88E8C700E1B70F /* LoginModel.swift */; };
		1FF524D71D88EC2B00E1B70F /* D3Model.swift in Sources */ = {isa = PBXBuildFile; fileRef = 1FF524D61D88EC2B00E1B70F /* D3Model.swift */; };
		1FF524DE1D88F6EC00E1B70F /* MBProgressHUD.m in Sources */ = {isa = PBXBuildFile; fileRef = 1FF524DB1D88F6EC00E1B70F /* MBProgressHUD.m */; };
		1FF9DB161D96145D00F0C69D /* GuideViewController.swift in Sources */ = {isa = PBXBuildFile; fileRef = 1FF9DB151D96145D00F0C69D /* GuideViewController.swift */; };
		1FF9DB181D96216500F0C69D /* FTMiSettingViewController.swift in Sources */ = {isa = PBXBuildFile; fileRef = 1FF9DB171D96216500F0C69D /* FTMiSettingViewController.swift */; };
		1FF9DB1A1D9622CA00F0C69D /* FTMiMyCollectionViewController.swift in Sources */ = {isa = PBXBuildFile; fileRef = 1FF9DB191D9622CA00F0C69D /* FTMiMyCollectionViewController.swift */; };
		1FF9DB211D9624DB00F0C69D /* FTTalentTableViewCell.swift in Sources */ = {isa = PBXBuildFile; fileRef = 1FF9DB1F1D9624DB00F0C69D /* FTTalentTableViewCell.swift */; };
		1FF9DB221D9624DB00F0C69D /* FTTalentTableViewCell.xib in Resources */ = {isa = PBXBuildFile; fileRef = 1FF9DB201D9624DB00F0C69D /* FTTalentTableViewCell.xib */; };
		1FF9DB241D96298300F0C69D /* FTMiMyHiringRecordViewController.swift in Sources */ = {isa = PBXBuildFile; fileRef = 1FF9DB231D96298300F0C69D /* FTMiMyHiringRecordViewController.swift */; };
		1FF9DB281D9629F500F0C69D /* FTMiMyHiringRecordTableViewCell.swift in Sources */ = {isa = PBXBuildFile; fileRef = 1FF9DB261D9629F500F0C69D /* FTMiMyHiringRecordTableViewCell.swift */; };
		1FF9DB291D9629F500F0C69D /* FTMiMyHiringRecordTableViewCell.xib in Resources */ = {isa = PBXBuildFile; fileRef = 1FF9DB271D9629F500F0C69D /* FTMiMyHiringRecordTableViewCell.xib */; };
		CB9CDB689E94B8A4EBB09C32 /* Pods_Challenge_high_salary.framework in Frameworks */ = {isa = PBXBuildFile; fileRef = 02CC2341262A77985746D107 /* Pods_Challenge_high_salary.framework */; };
/* End PBXBuildFile section */

/* Begin PBXContainerItemProxy section */
		1FCDFED11D73E6DB0067970B /* PBXContainerItemProxy */ = {
			isa = PBXContainerItemProxy;
			containerPortal = 1FCDFEB41D73E6DB0067970B /* Project object */;
			proxyType = 1;
			remoteGlobalIDString = 1FCDFEBB1D73E6DB0067970B;
			remoteInfo = Challenge_high_salary;
		};
		1FCDFEDC1D73E6DB0067970B /* PBXContainerItemProxy */ = {
			isa = PBXContainerItemProxy;
			containerPortal = 1FCDFEB41D73E6DB0067970B /* Project object */;
			proxyType = 1;
			remoteGlobalIDString = 1FCDFEBB1D73E6DB0067970B;
			remoteInfo = Challenge_high_salary;
		};
/* End PBXContainerItemProxy section */

/* Begin PBXFileReference section */
		02CC2341262A77985746D107 /* Pods_Challenge_high_salary.framework */ = {isa = PBXFileReference; explicitFileType = wrapper.framework; includeInIndex = 0; path = Pods_Challenge_high_salary.framework; sourceTree = BUILT_PRODUCTS_DIR; };
		1F1224D21D976FEA0094C6CE /* CHSReResumePreviewViewController.swift */ = {isa = PBXFileReference; fileEncoding = 4; lastKnownFileType = sourcecode.swift; path = CHSReResumePreviewViewController.swift; sourceTree = "<group>"; };
		1F1224D31D976FEA0094C6CE /* CHSReResumePreviewViewController.xib */ = {isa = PBXFileReference; fileEncoding = 4; lastKnownFileType = file.xib; path = CHSReResumePreviewViewController.xib; sourceTree = "<group>"; };
		1F1224D61D979CA60094C6CE /* CHSRePreviewViewController.swift */ = {isa = PBXFileReference; fileEncoding = 4; lastKnownFileType = sourcecode.swift; path = CHSRePreviewViewController.swift; sourceTree = "<group>"; };
		1F1224D81D97AE590094C6CE /* CHSReEduExperienceViewController.swift */ = {isa = PBXFileReference; fileEncoding = 4; lastKnownFileType = sourcecode.swift; path = CHSReEduExperienceViewController.swift; sourceTree = "<group>"; };
		1F1224DA1D97AEA60094C6CE /* CHSReEditEduExperienceViewController.swift */ = {isa = PBXFileReference; fileEncoding = 4; lastKnownFileType = sourcecode.swift; path = CHSReEditEduExperienceViewController.swift; sourceTree = "<group>"; };
		1F14AF421D93CD0A00456A80 /* FTTaRetrievalViewController.swift */ = {isa = PBXFileReference; fileEncoding = 4; lastKnownFileType = sourcecode.swift; path = FTTaRetrievalViewController.swift; sourceTree = "<group>"; };
		1F180F6B1D8E40CC00EDBCE3 /* CHSChRetrievalViewController.swift */ = {isa = PBXFileReference; fileEncoding = 4; lastKnownFileType = sourcecode.swift; path = CHSChRetrievalViewController.swift; sourceTree = "<group>"; };
		1F180F6F1D8E6EE800EDBCE3 /* CHSChPersonalInfoViewController.swift */ = {isa = PBXFileReference; fileEncoding = 4; lastKnownFileType = sourcecode.swift; path = CHSChPersonalInfoViewController.swift; sourceTree = "<group>"; };
		1F33D77A1D7587370028444A /* Challenge_high_salary-Bridging-Header.h */ = {isa = PBXFileReference; lastKnownFileType = sourcecode.c.h; path = "Challenge_high_salary-Bridging-Header.h"; sourceTree = "<group>"; };
		1F482B881D7FBD630079A62B /* ChChCityViewController.swift */ = {isa = PBXFileReference; fileEncoding = 4; lastKnownFileType = sourcecode.swift; path = ChChCityViewController.swift; sourceTree = "<group>"; };
		1F482B8B1D7FBE400079A62B /* citydict.plist */ = {isa = PBXFileReference; fileEncoding = 4; lastKnownFileType = text.plist.xml; path = citydict.plist; sourceTree = "<group>"; };
		1F482B8D1D7FE9C80079A62B /* ChChCityTableViewCell.swift */ = {isa = PBXFileReference; fileEncoding = 4; lastKnownFileType = sourcecode.swift; path = ChChCityTableViewCell.swift; sourceTree = "<group>"; };
		1F482B8E1D7FE9C80079A62B /* ChChCityTableViewCell.xib */ = {isa = PBXFileReference; fileEncoding = 4; lastKnownFileType = file.xib; path = ChChCityTableViewCell.xib; sourceTree = "<group>"; };
		1F482B911D7FF7B80079A62B /* ChChSearchViewController.swift */ = {isa = PBXFileReference; fileEncoding = 4; lastKnownFileType = sourcecode.swift; path = ChChSearchViewController.swift; sourceTree = "<group>"; };
		1F482B9B1D8002560079A62B /* ChChSearchTableViewCell.swift */ = {isa = PBXFileReference; fileEncoding = 4; lastKnownFileType = sourcecode.swift; path = ChChSearchTableViewCell.swift; sourceTree = "<group>"; };
		1F4FD25A1D767CC500FF7040 /* Tool.swift */ = {isa = PBXFileReference; fileEncoding = 4; lastKnownFileType = sourcecode.swift; path = Tool.swift; sourceTree = "<group>"; };
		1F4FD25D1D76C01D00FF7040 /* BButton.h */ = {isa = PBXFileReference; fileEncoding = 4; lastKnownFileType = sourcecode.c.h; path = BButton.h; sourceTree = "<group>"; };
		1F4FD25E1D76C01D00FF7040 /* BButton.m */ = {isa = PBXFileReference; fileEncoding = 4; lastKnownFileType = sourcecode.c.objc; path = BButton.m; sourceTree = "<group>"; };
		1F4FD25F1D76C01D00FF7040 /* NSString+FontAwesome.h */ = {isa = PBXFileReference; fileEncoding = 4; lastKnownFileType = sourcecode.c.h; path = "NSString+FontAwesome.h"; sourceTree = "<group>"; };
		1F4FD2601D76C01D00FF7040 /* NSString+FontAwesome.m */ = {isa = PBXFileReference; fileEncoding = 4; lastKnownFileType = sourcecode.c.objc; path = "NSString+FontAwesome.m"; sourceTree = "<group>"; };
		1F4FD2621D76C01D00FF7040 /* FontAwesome.ttf */ = {isa = PBXFileReference; lastKnownFileType = file; path = FontAwesome.ttf; sourceTree = "<group>"; };
		1F4FD2631D76C01D00FF7040 /* UIColor+BButton.h */ = {isa = PBXFileReference; fileEncoding = 4; lastKnownFileType = sourcecode.c.h; path = "UIColor+BButton.h"; sourceTree = "<group>"; };
		1F4FD2641D76C01D00FF7040 /* UIColor+BButton.m */ = {isa = PBXFileReference; fileEncoding = 4; lastKnownFileType = sourcecode.c.objc; path = "UIColor+BButton.m"; sourceTree = "<group>"; };
		1F7B30391D7FA36600D0BF56 /* MapKit.framework */ = {isa = PBXFileReference; lastKnownFileType = wrapper.framework; name = MapKit.framework; path = System/Library/Frameworks/MapKit.framework; sourceTree = SDKROOT; };
		1F87411A1D82AF47007B8793 /* LoForgetPasswordViewController.swift */ = {isa = PBXFileReference; fileEncoding = 4; lastKnownFileType = sourcecode.swift; path = LoForgetPasswordViewController.swift; sourceTree = "<group>"; };
		1F87411C1D82C22B007B8793 /* LoRegisterViewController.swift */ = {isa = PBXFileReference; fileEncoding = 4; lastKnownFileType = sourcecode.swift; path = LoRegisterViewController.swift; sourceTree = "<group>"; };
		1F9CE7C01D87D4DB002E6632 /* CHSReEditPersonalInfoViewController.swift */ = {isa = PBXFileReference; fileEncoding = 4; lastKnownFileType = sourcecode.swift; path = CHSReEditPersonalInfoViewController.swift; sourceTree = "<group>"; };
		1F9CE7C21D8802FC002E6632 /* CHSReJobIntensionViewController.swift */ = {isa = PBXFileReference; fileEncoding = 4; lastKnownFileType = sourcecode.swift; path = CHSReJobIntensionViewController.swift; sourceTree = "<group>"; };
		1FA93F4F1D7EC78300CBFE48 /* ChChFindEmployerTableViewCell.swift */ = {isa = PBXFileReference; fileEncoding = 4; lastKnownFileType = sourcecode.swift; path = ChChFindEmployerTableViewCell.swift; sourceTree = "<group>"; };
		1FA93F501D7EC78300CBFE48 /* ChChFindEmployerTableViewCell.xib */ = {isa = PBXFileReference; fileEncoding = 4; lastKnownFileType = file.xib; path = ChChFindEmployerTableViewCell.xib; sourceTree = "<group>"; };
		1FB311521D96615400217DDA /* FTTaPositionViewController.swift */ = {isa = PBXFileReference; fileEncoding = 4; lastKnownFileType = sourcecode.swift; path = FTTaPositionViewController.swift; sourceTree = "<group>"; };
		1FB311541D9666F400217DDA /* FTTaCompanyInfoViewController.swift */ = {isa = PBXFileReference; fileEncoding = 4; lastKnownFileType = sourcecode.swift; path = FTTaCompanyInfoViewController.swift; sourceTree = "<group>"; };
		1FB6D5EA1D9B5B2A00262BBD /* CHSUserInfo.swift */ = {isa = PBXFileReference; fileEncoding = 4; lastKnownFileType = sourcecode.swift; path = CHSUserInfo.swift; sourceTree = "<group>"; };
		1FB6D5ED1D9B8D0700262BBD /* CHSMiNetUtil.swift */ = {isa = PBXFileReference; fileEncoding = 4; lastKnownFileType = sourcecode.swift; path = CHSMiNetUtil.swift; sourceTree = "<group>"; };
		1FB6D5EF1D9B985C00262BBD /* CHSMiMyBonusViewController.swift */ = {isa = PBXFileReference; fileEncoding = 4; lastKnownFileType = sourcecode.swift; path = CHSMiMyBonusViewController.swift; sourceTree = "<group>"; };
		1FB6D5F11D9B98BE00262BBD /* CHSMiMyBounsTableViewCell.swift */ = {isa = PBXFileReference; fileEncoding = 4; lastKnownFileType = sourcecode.swift; path = CHSMiMyBounsTableViewCell.swift; sourceTree = "<group>"; };
		1FB6D5F21D9B98BE00262BBD /* CHSMiMyBounsTableViewCell.xib */ = {isa = PBXFileReference; fileEncoding = 4; lastKnownFileType = file.xib; path = CHSMiMyBounsTableViewCell.xib; sourceTree = "<group>"; };
		1FB6D5F51D9B9E1900262BBD /* CHSMiMyBlacklistViewController.swift */ = {isa = PBXFileReference; fileEncoding = 4; lastKnownFileType = sourcecode.swift; path = CHSMiMyBlacklistViewController.swift; sourceTree = "<group>"; };
		1FB6D5F71D9B9EA700262BBD /* CHSMiMyBlacklistTableViewCell.swift */ = {isa = PBXFileReference; fileEncoding = 4; lastKnownFileType = sourcecode.swift; path = CHSMiMyBlacklistTableViewCell.swift; sourceTree = "<group>"; };
		1FB6D5F81D9B9EA700262BBD /* CHSMiMyBlacklistTableViewCell.xib */ = {isa = PBXFileReference; fileEncoding = 4; lastKnownFileType = file.xib; path = CHSMiMyBlacklistTableViewCell.xib; sourceTree = "<group>"; };
		1FB6D5FB1D9BC31400262BBD /* FTMiMyRewardViewController.swift */ = {isa = PBXFileReference; fileEncoding = 4; lastKnownFileType = sourcecode.swift; path = FTMiMyRewardViewController.swift; sourceTree = "<group>"; };
		1FB6D5FD1D9BC3BA00262BBD /* FTMiMyRewardTableViewCell.swift */ = {isa = PBXFileReference; fileEncoding = 4; lastKnownFileType = sourcecode.swift; path = FTMiMyRewardTableViewCell.swift; sourceTree = "<group>"; };
		1FB6D5FE1D9BC3BA00262BBD /* FTMiMyRewardTableViewCell.xib */ = {isa = PBXFileReference; fileEncoding = 4; lastKnownFileType = file.xib; path = FTMiMyRewardTableViewCell.xib; sourceTree = "<group>"; };
		1FCDFEBC1D73E6DB0067970B /* Challenge_high_salary.app */ = {isa = PBXFileReference; explicitFileType = wrapper.application; includeInIndex = 0; path = Challenge_high_salary.app; sourceTree = BUILT_PRODUCTS_DIR; };
		1FCDFEBF1D73E6DB0067970B /* AppDelegate.swift */ = {isa = PBXFileReference; lastKnownFileType = sourcecode.swift; path = AppDelegate.swift; sourceTree = "<group>"; };
		1FCDFEC11D73E6DB0067970B /* ViewController.swift */ = {isa = PBXFileReference; lastKnownFileType = sourcecode.swift; path = ViewController.swift; sourceTree = "<group>"; };
		1FCDFEC41D73E6DB0067970B /* Base */ = {isa = PBXFileReference; lastKnownFileType = file.storyboard; name = Base; path = Base.lproj/Main.storyboard; sourceTree = "<group>"; };
		1FCDFEC61D73E6DB0067970B /* Assets.xcassets */ = {isa = PBXFileReference; lastKnownFileType = folder.assetcatalog; path = Assets.xcassets; sourceTree = "<group>"; };
		1FCDFEC91D73E6DB0067970B /* Base */ = {isa = PBXFileReference; lastKnownFileType = file.storyboard; name = Base; path = Base.lproj/LaunchScreen.storyboard; sourceTree = "<group>"; };
		1FCDFECB1D73E6DB0067970B /* Info.plist */ = {isa = PBXFileReference; lastKnownFileType = text.plist.xml; path = Info.plist; sourceTree = "<group>"; };
		1FCDFED01D73E6DB0067970B /* Challenge_high_salaryTests.xctest */ = {isa = PBXFileReference; explicitFileType = wrapper.cfbundle; includeInIndex = 0; path = Challenge_high_salaryTests.xctest; sourceTree = BUILT_PRODUCTS_DIR; };
		1FCDFED41D73E6DB0067970B /* Challenge_high_salaryTests.swift */ = {isa = PBXFileReference; lastKnownFileType = sourcecode.swift; path = Challenge_high_salaryTests.swift; sourceTree = "<group>"; };
		1FCDFED61D73E6DB0067970B /* Info.plist */ = {isa = PBXFileReference; lastKnownFileType = text.plist.xml; path = Info.plist; sourceTree = "<group>"; };
		1FCDFEDB1D73E6DB0067970B /* Challenge_high_salaryUITests.xctest */ = {isa = PBXFileReference; explicitFileType = wrapper.cfbundle; includeInIndex = 0; path = Challenge_high_salaryUITests.xctest; sourceTree = BUILT_PRODUCTS_DIR; };
		1FCDFEDF1D73E6DB0067970B /* Challenge_high_salaryUITests.swift */ = {isa = PBXFileReference; lastKnownFileType = sourcecode.swift; path = Challenge_high_salaryUITests.swift; sourceTree = "<group>"; };
		1FCDFEE11D73E6DB0067970B /* Info.plist */ = {isa = PBXFileReference; lastKnownFileType = text.plist.xml; path = Info.plist; sourceTree = "<group>"; };
		1FCDFEFF1D7411160067970B /* LoHomeViewController.swift */ = {isa = PBXFileReference; fileEncoding = 4; lastKnownFileType = sourcecode.swift; path = LoHomeViewController.swift; sourceTree = "<group>"; };
		1FD7FBD51D795BA70032221D /* WeHomeViewController.swift */ = {isa = PBXFileReference; fileEncoding = 4; lastKnownFileType = sourcecode.swift; path = WeHomeViewController.swift; sourceTree = "<group>"; };
		1FDB00121D8F7490007043B4 /* CHSChCompanyHomeViewController.swift */ = {isa = PBXFileReference; fileEncoding = 4; lastKnownFileType = sourcecode.swift; path = CHSChCompanyHomeViewController.swift; sourceTree = "<group>"; };
		1FDB00161D8F8ED9007043B4 /* CHSChCompanyPositionTableViewCell.swift */ = {isa = PBXFileReference; fileEncoding = 4; lastKnownFileType = sourcecode.swift; path = CHSChCompanyPositionTableViewCell.swift; sourceTree = "<group>"; };
		1FDB00171D8F8ED9007043B4 /* CHSChCompanyPositionTableViewCell.xib */ = {isa = PBXFileReference; fileEncoding = 4; lastKnownFileType = file.xib; path = CHSChCompanyPositionTableViewCell.xib; sourceTree = "<group>"; };
		1FDB001A1D8FB0EE007043B4 /* CHSChCompanyPositionListViewController.swift */ = {isa = PBXFileReference; fileEncoding = 4; lastKnownFileType = sourcecode.swift; path = CHSChCompanyPositionListViewController.swift; sourceTree = "<group>"; };
		1FDB001C1D8FB712007043B4 /* CHSReJobExperienceViewController.swift */ = {isa = PBXFileReference; fileEncoding = 4; lastKnownFileType = sourcecode.swift; path = CHSReJobExperienceViewController.swift; sourceTree = "<group>"; };
		1FDB001E1D8FC5D7007043B4 /* CHSReProjectExperienceViewController.swift */ = {isa = PBXFileReference; fileEncoding = 4; lastKnownFileType = sourcecode.swift; path = CHSReProjectExperienceViewController.swift; sourceTree = "<group>"; };
		1FDB00201D8FC70B007043B4 /* CHSReMyAdvantagesViewController.swift */ = {isa = PBXFileReference; fileEncoding = 4; lastKnownFileType = sourcecode.swift; path = CHSReMyAdvantagesViewController.swift; sourceTree = "<group>"; };
		1FDB00231D8FCB4A007043B4 /* CHSMiHomeTableViewCell.swift */ = {isa = PBXFileReference; fileEncoding = 4; lastKnownFileType = sourcecode.swift; path = CHSMiHomeTableViewCell.swift; sourceTree = "<group>"; };
		1FDB00251D8FD2A0007043B4 /* CHSMiSettingViewController.swift */ = {isa = PBXFileReference; fileEncoding = 4; lastKnownFileType = sourcecode.swift; path = CHSMiSettingViewController.swift; sourceTree = "<group>"; };
		1FEC64D91D9120A60045038C /* CHSMiSetPasswordViewController.swift */ = {isa = PBXFileReference; fileEncoding = 4; lastKnownFileType = sourcecode.swift; path = CHSMiSetPasswordViewController.swift; sourceTree = "<group>"; };
		1FEC64DB1D9120C50045038C /* CHSMiPhoneBindingViewController.swift */ = {isa = PBXFileReference; fileEncoding = 4; lastKnownFileType = sourcecode.swift; path = CHSMiPhoneBindingViewController.swift; sourceTree = "<group>"; };
		1FEC64DD1D9121460045038C /* CHSMiCheckPasswordViewController.swift */ = {isa = PBXFileReference; fileEncoding = 4; lastKnownFileType = sourcecode.swift; path = CHSMiCheckPasswordViewController.swift; sourceTree = "<group>"; };
		1FEC64DF1D912AF70045038C /* CHSMiMessageRemindViewController.swift */ = {isa = PBXFileReference; fileEncoding = 4; lastKnownFileType = sourcecode.swift; path = CHSMiMessageRemindViewController.swift; sourceTree = "<group>"; };
		1FEF80971D810A0400486F9C /* FTRoHomeViewController.swift */ = {isa = PBXFileReference; fileEncoding = 4; lastKnownFileType = sourcecode.swift; path = FTRoHomeViewController.swift; sourceTree = "<group>"; };
		1FEF809C1D810A4D00486F9C /* FTTaHomeViewController.swift */ = {isa = PBXFileReference; fileEncoding = 4; lastKnownFileType = sourcecode.swift; path = FTTaHomeViewController.swift; sourceTree = "<group>"; };
		1FEF809E1D810A5B00486F9C /* FTMeHomeViewController.swift */ = {isa = PBXFileReference; fileEncoding = 4; lastKnownFileType = sourcecode.swift; path = FTMeHomeViewController.swift; sourceTree = "<group>"; };
		1FEF80A01D810A7600486F9C /* FTMiHomeViewController.swift */ = {isa = PBXFileReference; fileEncoding = 4; lastKnownFileType = sourcecode.swift; path = FTMiHomeViewController.swift; sourceTree = "<group>"; };
		1FEF80A31D810E5700486F9C /* FTTaNoPositionTableViewCell.swift */ = {isa = PBXFileReference; fileEncoding = 4; lastKnownFileType = sourcecode.swift; path = FTTaNoPositionTableViewCell.swift; sourceTree = "<group>"; };
		1FF06CB31D7D16540032943B /* CHRoHomeViewController.swift */ = {isa = PBXFileReference; fileEncoding = 4; lastKnownFileType = sourcecode.swift; path = CHRoHomeViewController.swift; sourceTree = "<group>"; };
		1FF06CB91D7D16A20032943B /* ChMiHomeViewController.swift */ = {isa = PBXFileReference; fileEncoding = 4; lastKnownFileType = sourcecode.swift; path = ChMiHomeViewController.swift; sourceTree = "<group>"; };
		1FF06CBB1D7D17760032943B /* ChMeHomeViewController.swift */ = {isa = PBXFileReference; fileEncoding = 4; lastKnownFileType = sourcecode.swift; path = ChMeHomeViewController.swift; sourceTree = "<group>"; };
		1FF06CBD1D7D17860032943B /* ChReHomeViewController.swift */ = {isa = PBXFileReference; fileEncoding = 4; lastKnownFileType = sourcecode.swift; path = ChReHomeViewController.swift; sourceTree = "<group>"; };
		1FF06CBF1D7D17960032943B /* ChChHomeViewController.swift */ = {isa = PBXFileReference; fileEncoding = 4; lastKnownFileType = sourcecode.swift; path = ChChHomeViewController.swift; sourceTree = "<group>"; };
		1FF06CC21D7D50E20032943B /* LFLUISegmentedControl.h */ = {isa = PBXFileReference; fileEncoding = 4; lastKnownFileType = sourcecode.c.h; path = LFLUISegmentedControl.h; sourceTree = "<group>"; };
		1FF06CC31D7D50E20032943B /* LFLUISegmentedControl.m */ = {isa = PBXFileReference; fileEncoding = 4; lastKnownFileType = sourcecode.c.objc; path = LFLUISegmentedControl.m; sourceTree = "<group>"; };
		1FF06CC61D7D609A0032943B /* DropDown.h */ = {isa = PBXFileReference; fileEncoding = 4; lastKnownFileType = sourcecode.c.h; path = DropDown.h; sourceTree = "<group>"; };
		1FF06CC81D7D609A0032943B /* DPDConstants.swift */ = {isa = PBXFileReference; fileEncoding = 4; lastKnownFileType = sourcecode.swift; path = DPDConstants.swift; sourceTree = "<group>"; };
		1FF06CC91D7D609A0032943B /* DPDKeyboardListener.swift */ = {isa = PBXFileReference; fileEncoding = 4; lastKnownFileType = sourcecode.swift; path = DPDKeyboardListener.swift; sourceTree = "<group>"; };
		1FF06CCA1D7D609A0032943B /* DPDUIView+Extension.swift */ = {isa = PBXFileReference; fileEncoding = 4; lastKnownFileType = sourcecode.swift; path = "DPDUIView+Extension.swift"; sourceTree = "<group>"; };
		1FF06CCB1D7D609A0032943B /* Info.plist */ = {isa = PBXFileReference; fileEncoding = 4; lastKnownFileType = text.plist.xml; path = Info.plist; sourceTree = "<group>"; };
		1FF06CCD1D7D609A0032943B /* DropDownCell.xib */ = {isa = PBXFileReference; fileEncoding = 4; lastKnownFileType = file.xib; path = DropDownCell.xib; sourceTree = "<group>"; };
		1FF06CCF1D7D609A0032943B /* DropDown+Appearance.swift */ = {isa = PBXFileReference; fileEncoding = 4; lastKnownFileType = sourcecode.swift; path = "DropDown+Appearance.swift"; sourceTree = "<group>"; };
		1FF06CD01D7D609A0032943B /* DropDown.swift */ = {isa = PBXFileReference; fileEncoding = 4; lastKnownFileType = sourcecode.swift; path = DropDown.swift; sourceTree = "<group>"; };
		1FF06CD11D7D609A0032943B /* DropDownCell.swift */ = {isa = PBXFileReference; fileEncoding = 4; lastKnownFileType = sourcecode.swift; path = DropDownCell.swift; sourceTree = "<group>"; };
		1FF06CDB1D7D6D970032943B /* ChChFindJobTableViewCell.swift */ = {isa = PBXFileReference; fileEncoding = 4; lastKnownFileType = sourcecode.swift; path = ChChFindJobTableViewCell.swift; sourceTree = "<group>"; };
		1FF06CDC1D7D6D970032943B /* ChChFindJobTableViewCell.xib */ = {isa = PBXFileReference; fileEncoding = 4; lastKnownFileType = file.xib; path = ChChFindJobTableViewCell.xib; sourceTree = "<group>"; };
		1FF3C69C1D9262100069DD23 /* CHSMiAboutUsViewController.swift */ = {isa = PBXFileReference; fileEncoding = 4; lastKnownFileType = sourcecode.swift; path = CHSMiAboutUsViewController.swift; sourceTree = "<group>"; };
		1FF3C69E1D9264E70069DD23 /* CHSMiMyCollectionViewController.swift */ = {isa = PBXFileReference; fileEncoding = 4; lastKnownFileType = sourcecode.swift; path = CHSMiMyCollectionViewController.swift; sourceTree = "<group>"; };
		1FF3C6A01D9269F70069DD23 /* CHSMiMyDeliveryRecordViewController.swift */ = {isa = PBXFileReference; fileEncoding = 4; lastKnownFileType = sourcecode.swift; path = CHSMiMyDeliveryRecordViewController.swift; sourceTree = "<group>"; };
		1FF3C6A21D926E210069DD23 /* CHSChCompanyInterviewEvaluationViewController.swift */ = {isa = PBXFileReference; fileEncoding = 4; lastKnownFileType = sourcecode.swift; path = CHSChCompanyInterviewEvaluationViewController.swift; sourceTree = "<group>"; };
		1FF3C6A41D927E040069DD23 /* CHSChInterviewEvaHeaderTableViewCell.swift */ = {isa = PBXFileReference; fileEncoding = 4; lastKnownFileType = sourcecode.swift; path = CHSChInterviewEvaHeaderTableViewCell.swift; sourceTree = "<group>"; };
		1FF3C6A51D927E040069DD23 /* CHSChInterviewEvaHeaderTableViewCell.xib */ = {isa = PBXFileReference; fileEncoding = 4; lastKnownFileType = file.xib; path = CHSChInterviewEvaHeaderTableViewCell.xib; sourceTree = "<group>"; };
		1FF3C6AA1D927E380069DD23 /* CHSChInterviewEvaTableViewCell.swift */ = {isa = PBXFileReference; fileEncoding = 4; lastKnownFileType = sourcecode.swift; path = CHSChInterviewEvaTableViewCell.swift; sourceTree = "<group>"; };
		1FF3C6AB1D927E380069DD23 /* CHSChInterviewEvaTableViewCell.xib */ = {isa = PBXFileReference; fileEncoding = 4; lastKnownFileType = file.xib; path = CHSChInterviewEvaTableViewCell.xib; sourceTree = "<group>"; };
		1FF524D01D88DBD800E1B70F /* LoginNetUtil.swift */ = {isa = PBXFileReference; fileEncoding = 4; lastKnownFileType = sourcecode.swift; path = LoginNetUtil.swift; sourceTree = "<group>"; };
		1FF524D41D88E8C700E1B70F /* LoginModel.swift */ = {isa = PBXFileReference; fileEncoding = 4; lastKnownFileType = sourcecode.swift; path = LoginModel.swift; sourceTree = "<group>"; };
		1FF524D61D88EC2B00E1B70F /* D3Model.swift */ = {isa = PBXFileReference; fileEncoding = 4; lastKnownFileType = sourcecode.swift; path = D3Model.swift; sourceTree = "<group>"; };
		1FF524DA1D88F6EC00E1B70F /* MBProgressHUD.h */ = {isa = PBXFileReference; fileEncoding = 4; lastKnownFileType = sourcecode.c.h; path = MBProgressHUD.h; sourceTree = "<group>"; };
		1FF524DB1D88F6EC00E1B70F /* MBProgressHUD.m */ = {isa = PBXFileReference; fileEncoding = 4; lastKnownFileType = sourcecode.c.objc; path = MBProgressHUD.m; sourceTree = "<group>"; };
		1FF9DB151D96145D00F0C69D /* GuideViewController.swift */ = {isa = PBXFileReference; fileEncoding = 4; lastKnownFileType = sourcecode.swift; path = GuideViewController.swift; sourceTree = "<group>"; };
		1FF9DB171D96216500F0C69D /* FTMiSettingViewController.swift */ = {isa = PBXFileReference; fileEncoding = 4; lastKnownFileType = sourcecode.swift; path = FTMiSettingViewController.swift; sourceTree = "<group>"; };
		1FF9DB191D9622CA00F0C69D /* FTMiMyCollectionViewController.swift */ = {isa = PBXFileReference; fileEncoding = 4; lastKnownFileType = sourcecode.swift; path = FTMiMyCollectionViewController.swift; sourceTree = "<group>"; };
		1FF9DB1F1D9624DB00F0C69D /* FTTalentTableViewCell.swift */ = {isa = PBXFileReference; fileEncoding = 4; lastKnownFileType = sourcecode.swift; path = FTTalentTableViewCell.swift; sourceTree = "<group>"; };
		1FF9DB201D9624DB00F0C69D /* FTTalentTableViewCell.xib */ = {isa = PBXFileReference; fileEncoding = 4; lastKnownFileType = file.xib; path = FTTalentTableViewCell.xib; sourceTree = "<group>"; };
		1FF9DB231D96298300F0C69D /* FTMiMyHiringRecordViewController.swift */ = {isa = PBXFileReference; fileEncoding = 4; lastKnownFileType = sourcecode.swift; path = FTMiMyHiringRecordViewController.swift; sourceTree = "<group>"; };
		1FF9DB261D9629F500F0C69D /* FTMiMyHiringRecordTableViewCell.swift */ = {isa = PBXFileReference; fileEncoding = 4; lastKnownFileType = sourcecode.swift; path = FTMiMyHiringRecordTableViewCell.swift; sourceTree = "<group>"; };
		1FF9DB271D9629F500F0C69D /* FTMiMyHiringRecordTableViewCell.xib */ = {isa = PBXFileReference; fileEncoding = 4; lastKnownFileType = file.xib; path = FTMiMyHiringRecordTableViewCell.xib; sourceTree = "<group>"; };
		87ABDA8E1A9C795C2B8D637C /* Pods-Challenge_high_salary.debug.xcconfig */ = {isa = PBXFileReference; includeInIndex = 1; lastKnownFileType = text.xcconfig; name = "Pods-Challenge_high_salary.debug.xcconfig"; path = "Pods/Target Support Files/Pods-Challenge_high_salary/Pods-Challenge_high_salary.debug.xcconfig"; sourceTree = "<group>"; };
		897E3E940467E77F77214C28 /* Pods-Challenge_high_salary.release.xcconfig */ = {isa = PBXFileReference; includeInIndex = 1; lastKnownFileType = text.xcconfig; name = "Pods-Challenge_high_salary.release.xcconfig"; path = "Pods/Target Support Files/Pods-Challenge_high_salary/Pods-Challenge_high_salary.release.xcconfig"; sourceTree = "<group>"; };
/* End PBXFileReference section */

/* Begin PBXFrameworksBuildPhase section */
		1FCDFEB91D73E6DB0067970B /* Frameworks */ = {
			isa = PBXFrameworksBuildPhase;
			buildActionMask = 2147483647;
			files = (
				1F7B303A1D7FA36600D0BF56 /* MapKit.framework in Frameworks */,
				CB9CDB689E94B8A4EBB09C32 /* Pods_Challenge_high_salary.framework in Frameworks */,
			);
			runOnlyForDeploymentPostprocessing = 0;
		};
		1FCDFECD1D73E6DB0067970B /* Frameworks */ = {
			isa = PBXFrameworksBuildPhase;
			buildActionMask = 2147483647;
			files = (
			);
			runOnlyForDeploymentPostprocessing = 0;
		};
		1FCDFED81D73E6DB0067970B /* Frameworks */ = {
			isa = PBXFrameworksBuildPhase;
			buildActionMask = 2147483647;
			files = (
			);
			runOnlyForDeploymentPostprocessing = 0;
		};
/* End PBXFrameworksBuildPhase section */

/* Begin PBXGroup section */
		1F482B8A1D7FBE350079A62B /* Tool */ = {
			isa = PBXGroup;
			children = (
				1F482B8B1D7FBE400079A62B /* citydict.plist */,
			);
			name = Tool;
			sourceTree = "<group>";
		};
		1F4FD25C1D76C01D00FF7040 /* BButton */ = {
			isa = PBXGroup;
			children = (
				1F4FD25D1D76C01D00FF7040 /* BButton.h */,
				1F4FD25E1D76C01D00FF7040 /* BButton.m */,
				1F4FD25F1D76C01D00FF7040 /* NSString+FontAwesome.h */,
				1F4FD2601D76C01D00FF7040 /* NSString+FontAwesome.m */,
				1F4FD2611D76C01D00FF7040 /* resources */,
				1F4FD2631D76C01D00FF7040 /* UIColor+BButton.h */,
				1F4FD2641D76C01D00FF7040 /* UIColor+BButton.m */,
			);
			path = BButton;
			sourceTree = "<group>";
		};
		1F4FD2611D76C01D00FF7040 /* resources */ = {
			isa = PBXGroup;
			children = (
				1F4FD2621D76C01D00FF7040 /* FontAwesome.ttf */,
			);
			path = resources;
			sourceTree = "<group>";
		};
		1F8741191D82A02A007B8793 /* 3rd */ = {
			isa = PBXGroup;
			children = (
				1FF524D81D88F6EC00E1B70F /* MBProgressHUD */,
				1FF524D61D88EC2B00E1B70F /* D3Model.swift */,
				1FF06CC51D7D609A0032943B /* DropDown */,
				1FF06CC11D7D50E20032943B /* LFLUISegmentedControl */,
				1F4FD25C1D76C01D00FF7040 /* BButton */,
			);
			name = 3rd;
			sourceTree = "<group>";
		};
		1FB6D5EC1D9B8CED00262BBD /* Model */ = {
			isa = PBXGroup;
			children = (
				1FB6D5ED1D9B8D0700262BBD /* CHSMiNetUtil.swift */,
			);
			name = Model;
			sourceTree = "<group>";
		};
		1FCDFEB31D73E6DB0067970B = {
			isa = PBXGroup;
			children = (
				1FCDFEBE1D73E6DB0067970B /* Challenge_high_salary */,
				1FCDFED31D73E6DB0067970B /* Challenge_high_salaryTests */,
				1FCDFEDE1D73E6DB0067970B /* Challenge_high_salaryUITests */,
				1FCDFEBD1D73E6DB0067970B /* Products */,
				BCA9C4F0795B8C4D841F1915 /* Pods */,
				7D0BA4E52437BC3903C79784 /* Frameworks */,
			);
			sourceTree = "<group>";
		};
		1FCDFEBD1D73E6DB0067970B /* Products */ = {
			isa = PBXGroup;
			children = (
				1FCDFEBC1D73E6DB0067970B /* Challenge_high_salary.app */,
				1FCDFED01D73E6DB0067970B /* Challenge_high_salaryTests.xctest */,
				1FCDFEDB1D73E6DB0067970B /* Challenge_high_salaryUITests.xctest */,
			);
			name = Products;
			sourceTree = "<group>";
		};
		1FCDFEBE1D73E6DB0067970B /* Challenge_high_salary */ = {
			isa = PBXGroup;
			children = (
				1F8741191D82A02A007B8793 /* 3rd */,
				1FD7FBD11D7955840032221D /* Welcome(欢迎页) */,
				1FCDFEF01D740C120067970B /* ChallengeHighSalary(挑战高薪) */,
				1FCDFEEF1D740BCC0067970B /* ForTalent(抢人才) */,
				1FCDFEED1D740B5C0067970B /* Login(登录) */,
				1FCDFEFD1D740EEA0067970B /* Tool(工具) */,
				1FCDFEF71D740CF80067970B /* System(系统) */,
			);
			path = Challenge_high_salary;
			sourceTree = "<group>";
		};
		1FCDFED31D73E6DB0067970B /* Challenge_high_salaryTests */ = {
			isa = PBXGroup;
			children = (
				1FCDFED41D73E6DB0067970B /* Challenge_high_salaryTests.swift */,
				1FCDFED61D73E6DB0067970B /* Info.plist */,
			);
			path = Challenge_high_salaryTests;
			sourceTree = "<group>";
		};
		1FCDFEDE1D73E6DB0067970B /* Challenge_high_salaryUITests */ = {
			isa = PBXGroup;
			children = (
				1FCDFEDF1D73E6DB0067970B /* Challenge_high_salaryUITests.swift */,
				1FCDFEE11D73E6DB0067970B /* Info.plist */,
			);
			path = Challenge_high_salaryUITests;
			sourceTree = "<group>";
		};
		1FCDFEED1D740B5C0067970B /* Login(登录) */ = {
			isa = PBXGroup;
			children = (
				1FCDFEFA1D740D430067970B /* Controller */,
				1FCDFEF91D740D3D0067970B /* View */,
				1FCDFEF81D740D350067970B /* Model */,
			);
			name = "Login(登录)";
			sourceTree = "<group>";
		};
		1FCDFEEE1D740B820067970B /* Talent(人才) */ = {
			isa = PBXGroup;
			children = (
				1FEF80A21D810E1F00486F9C /* View */,
				1FEF80991D810A1500486F9C /* Controller */,
			);
			name = "Talent(人才)";
			sourceTree = "<group>";
		};
		1FCDFEEF1D740BCC0067970B /* ForTalent(抢人才) */ = {
			isa = PBXGroup;
			children = (
				1FEF80931D81096F00486F9C /* Root(根) */,
				1FCDFEEE1D740B820067970B /* Talent(人才) */,
				1FCDFEF51D740CC90067970B /* Message(消息) */,
				1FCDFEF61D740CE50067970B /* Mine(我的) */,
			);
			name = "ForTalent(抢人才)";
			sourceTree = "<group>";
		};
		1FCDFEF01D740C120067970B /* ChallengeHighSalary(挑战高薪) */ = {
			isa = PBXGroup;
			children = (
				1FF06CB11D7D15CF0032943B /* Root(根) */,
				1FCDFEF11D740C300067970B /* Chance(机会) */,
				1FCDFEF21D740C6E0067970B /* Resume(简历) */,
				1FCDFEF31D740C820067970B /* Message(消息) */,
				1FCDFEF41D740CA40067970B /* Mine(我的) */,
			);
			name = "ChallengeHighSalary(挑战高薪)";
			sourceTree = "<group>";
		};
		1FCDFEF11D740C300067970B /* Chance(机会) */ = {
			isa = PBXGroup;
			children = (
				1F482B8A1D7FBE350079A62B /* Tool */,
				1FF06CDA1D7D6D6B0032943B /* View */,
				1FF06CB81D7D16830032943B /* Controller */,
			);
			name = "\U001dChance(机会)";
			sourceTree = "<group>";
		};
		1FCDFEF21D740C6E0067970B /* Resume(简历) */ = {
			isa = PBXGroup;
			children = (
				1FF06CB71D7D16750032943B /* Controller */,
			);
			name = "Resume(简历)";
			sourceTree = "<group>";
		};
		1FCDFEF31D740C820067970B /* Message(消息) */ = {
			isa = PBXGroup;
			children = (
				1FF06CB61D7D16670032943B /* Controller */,
			);
			name = "Message(消息)";
			sourceTree = "<group>";
		};
		1FCDFEF41D740CA40067970B /* Mine(我的) */ = {
			isa = PBXGroup;
			children = (
				1FB6D5EC1D9B8CED00262BBD /* Model */,
				1FDB00221D8FCB1D007043B4 /* View */,
				1FF06CB51D7D165D0032943B /* Controller */,
			);
			name = "Mine(我的)";
			sourceTree = "<group>";
		};
		1FCDFEF51D740CC90067970B /* Message(消息) */ = {
			isa = PBXGroup;
			children = (
				1FEF809A1D810A1F00486F9C /* Controller */,
			);
			name = "Message(消息)";
			sourceTree = "<group>";
		};
		1FCDFEF61D740CE50067970B /* Mine(我的) */ = {
			isa = PBXGroup;
			children = (
				1FF9DB251D9629C300F0C69D /* View */,
				1FEF809B1D810A2800486F9C /* Controller */,
			);
			name = "Mine(我的)";
			sourceTree = "<group>";
		};
		1FCDFEF71D740CF80067970B /* System(系统) */ = {
			isa = PBXGroup;
			children = (
				1FCDFEBF1D73E6DB0067970B /* AppDelegate.swift */,
				1FCDFEC11D73E6DB0067970B /* ViewController.swift */,
				1FCDFEC31D73E6DB0067970B /* Main.storyboard */,
				1FCDFEC61D73E6DB0067970B /* Assets.xcassets */,
				1FCDFEC81D73E6DB0067970B /* LaunchScreen.storyboard */,
				1FCDFECB1D73E6DB0067970B /* Info.plist */,
			);
			name = "System(系统)";
			sourceTree = "<group>";
		};
		1FCDFEF81D740D350067970B /* Model */ = {
			isa = PBXGroup;
			children = (
				1FF524D01D88DBD800E1B70F /* LoginNetUtil.swift */,
				1FF524D41D88E8C700E1B70F /* LoginModel.swift */,
			);
			name = Model;
			sourceTree = "<group>";
		};
		1FCDFEF91D740D3D0067970B /* View */ = {
			isa = PBXGroup;
			children = (
			);
			name = View;
			sourceTree = "<group>";
		};
		1FCDFEFA1D740D430067970B /* Controller */ = {
			isa = PBXGroup;
			children = (
				1FCDFEFF1D7411160067970B /* LoHomeViewController.swift */,
				1F87411A1D82AF47007B8793 /* LoForgetPasswordViewController.swift */,
				1F87411C1D82C22B007B8793 /* LoRegisterViewController.swift */,
			);
			name = Controller;
			sourceTree = "<group>";
		};
		1FCDFEFD1D740EEA0067970B /* Tool(工具) */ = {
			isa = PBXGroup;
			children = (
				1F33D77A1D7587370028444A /* Challenge_high_salary-Bridging-Header.h */,
				1F4FD25A1D767CC500FF7040 /* Tool.swift */,
				1FF9DB151D96145D00F0C69D /* GuideViewController.swift */,
				1FB6D5EA1D9B5B2A00262BBD /* CHSUserInfo.swift */,
			);
			name = "Tool(工具)";
			sourceTree = "<group>";
		};
		1FD7FBD11D7955840032221D /* Welcome(欢迎页) */ = {
			isa = PBXGroup;
			children = (
				1FD7FBD21D79559F0032221D /* Controller */,
			);
			name = "Welcome(欢迎页)";
			sourceTree = "<group>";
		};
		1FD7FBD21D79559F0032221D /* Controller */ = {
			isa = PBXGroup;
			children = (
				1FD7FBD51D795BA70032221D /* WeHomeViewController.swift */,
			);
			name = Controller;
			sourceTree = "<group>";
		};
		1FDB00221D8FCB1D007043B4 /* View */ = {
			isa = PBXGroup;
			children = (
				1FDB00231D8FCB4A007043B4 /* CHSMiHomeTableViewCell.swift */,
				1FB6D5F11D9B98BE00262BBD /* CHSMiMyBounsTableViewCell.swift */,
				1FB6D5F21D9B98BE00262BBD /* CHSMiMyBounsTableViewCell.xib */,
				1FB6D5F71D9B9EA700262BBD /* CHSMiMyBlacklistTableViewCell.swift */,
				1FB6D5F81D9B9EA700262BBD /* CHSMiMyBlacklistTableViewCell.xib */,
			);
			name = View;
			sourceTree = "<group>";
		};
		1FEF80931D81096F00486F9C /* Root(根) */ = {
			isa = PBXGroup;
			children = (
				1FEF80941D81097A00486F9C /* Controller */,
			);
			name = "Root(根)";
			sourceTree = "<group>";
		};
		1FEF80941D81097A00486F9C /* Controller */ = {
			isa = PBXGroup;
			children = (
				1FEF80971D810A0400486F9C /* FTRoHomeViewController.swift */,
			);
			name = Controller;
			sourceTree = "<group>";
		};
		1FEF80991D810A1500486F9C /* Controller */ = {
			isa = PBXGroup;
			children = (
				1F14AF421D93CD0A00456A80 /* FTTaRetrievalViewController.swift */,
				1FEF809C1D810A4D00486F9C /* FTTaHomeViewController.swift */,
				1FB311521D96615400217DDA /* FTTaPositionViewController.swift */,
				1FB311541D9666F400217DDA /* FTTaCompanyInfoViewController.swift */,
			);
			name = Controller;
			sourceTree = "<group>";
		};
		1FEF809A1D810A1F00486F9C /* Controller */ = {
			isa = PBXGroup;
			children = (
				1FEF809E1D810A5B00486F9C /* FTMeHomeViewController.swift */,
			);
			name = Controller;
			sourceTree = "<group>";
		};
		1FEF809B1D810A2800486F9C /* Controller */ = {
			isa = PBXGroup;
			children = (
				1FEF80A01D810A7600486F9C /* FTMiHomeViewController.swift */,
				1FF9DB171D96216500F0C69D /* FTMiSettingViewController.swift */,
				1FF9DB191D9622CA00F0C69D /* FTMiMyCollectionViewController.swift */,
				1FF9DB231D96298300F0C69D /* FTMiMyHiringRecordViewController.swift */,
				1FB6D5FB1D9BC31400262BBD /* FTMiMyRewardViewController.swift */,
			);
			name = Controller;
			sourceTree = "<group>";
		};
		1FEF80A21D810E1F00486F9C /* View */ = {
			isa = PBXGroup;
			children = (
				1FEF80A31D810E5700486F9C /* FTTaNoPositionTableViewCell.swift */,
				1FF9DB1F1D9624DB00F0C69D /* FTTalentTableViewCell.swift */,
				1FF9DB201D9624DB00F0C69D /* FTTalentTableViewCell.xib */,
			);
			name = View;
			sourceTree = "<group>";
		};
		1FF06CB11D7D15CF0032943B /* Root(根) */ = {
			isa = PBXGroup;
			children = (
				1FF06CB21D7D15E50032943B /* Controller */,
			);
			name = "Root(根)";
			sourceTree = "<group>";
		};
		1FF06CB21D7D15E50032943B /* Controller */ = {
			isa = PBXGroup;
			children = (
				1FF06CB31D7D16540032943B /* CHRoHomeViewController.swift */,
			);
			name = Controller;
			sourceTree = "<group>";
		};
		1FF06CB51D7D165D0032943B /* Controller */ = {
			isa = PBXGroup;
			children = (
				1FF06CB91D7D16A20032943B /* ChMiHomeViewController.swift */,
				1FDB00251D8FD2A0007043B4 /* CHSMiSettingViewController.swift */,
				1FEC64D91D9120A60045038C /* CHSMiSetPasswordViewController.swift */,
				1FEC64DB1D9120C50045038C /* CHSMiPhoneBindingViewController.swift */,
				1FEC64DD1D9121460045038C /* CHSMiCheckPasswordViewController.swift */,
				1FEC64DF1D912AF70045038C /* CHSMiMessageRemindViewController.swift */,
				1FF3C69C1D9262100069DD23 /* CHSMiAboutUsViewController.swift */,
				1FF3C69E1D9264E70069DD23 /* CHSMiMyCollectionViewController.swift */,
				1FF3C6A01D9269F70069DD23 /* CHSMiMyDeliveryRecordViewController.swift */,
				1FB6D5EF1D9B985C00262BBD /* CHSMiMyBonusViewController.swift */,
				1FB6D5F51D9B9E1900262BBD /* CHSMiMyBlacklistViewController.swift */,
			);
			name = Controller;
			sourceTree = "<group>";
		};
		1FF06CB61D7D16670032943B /* Controller */ = {
			isa = PBXGroup;
			children = (
				1FF06CBB1D7D17760032943B /* ChMeHomeViewController.swift */,
			);
			name = Controller;
			sourceTree = "<group>";
		};
		1FF06CB71D7D16750032943B /* Controller */ = {
			isa = PBXGroup;
			children = (
				1FF06CBD1D7D17860032943B /* ChReHomeViewController.swift */,
				1F9CE7C01D87D4DB002E6632 /* CHSReEditPersonalInfoViewController.swift */,
				1F9CE7C21D8802FC002E6632 /* CHSReJobIntensionViewController.swift */,
				1FDB001C1D8FB712007043B4 /* CHSReJobExperienceViewController.swift */,
				1FDB001E1D8FC5D7007043B4 /* CHSReProjectExperienceViewController.swift */,
				1FDB00201D8FC70B007043B4 /* CHSReMyAdvantagesViewController.swift */,
				1F1224D21D976FEA0094C6CE /* CHSReResumePreviewViewController.swift */,
				1F1224D31D976FEA0094C6CE /* CHSReResumePreviewViewController.xib */,
				1F1224D61D979CA60094C6CE /* CHSRePreviewViewController.swift */,
				1F1224D81D97AE590094C6CE /* CHSReEduExperienceViewController.swift */,
				1F1224DA1D97AEA60094C6CE /* CHSReEditEduExperienceViewController.swift */,
			);
			name = Controller;
			sourceTree = "<group>";
		};
		1FF06CB81D7D16830032943B /* Controller */ = {
			isa = PBXGroup;
			children = (
				1FF06CBF1D7D17960032943B /* ChChHomeViewController.swift */,
				1F482B881D7FBD630079A62B /* ChChCityViewController.swift */,
				1F482B911D7FF7B80079A62B /* ChChSearchViewController.swift */,
				1F180F6B1D8E40CC00EDBCE3 /* CHSChRetrievalViewController.swift */,
				1F180F6F1D8E6EE800EDBCE3 /* CHSChPersonalInfoViewController.swift */,
				1FDB00121D8F7490007043B4 /* CHSChCompanyHomeViewController.swift */,
				1FDB001A1D8FB0EE007043B4 /* CHSChCompanyPositionListViewController.swift */,
				1FF3C6A21D926E210069DD23 /* CHSChCompanyInterviewEvaluationViewController.swift */,
			);
			name = Controller;
			sourceTree = "<group>";
		};
		1FF06CC11D7D50E20032943B /* LFLUISegmentedControl */ = {
			isa = PBXGroup;
			children = (
				1FF06CC21D7D50E20032943B /* LFLUISegmentedControl.h */,
				1FF06CC31D7D50E20032943B /* LFLUISegmentedControl.m */,
			);
			path = LFLUISegmentedControl;
			sourceTree = "<group>";
		};
		1FF06CC51D7D609A0032943B /* DropDown */ = {
			isa = PBXGroup;
			children = (
				1FF06CC61D7D609A0032943B /* DropDown.h */,
				1FF06CC71D7D609A0032943B /* helpers */,
				1FF06CCB1D7D609A0032943B /* Info.plist */,
				1FF06CCC1D7D609A0032943B /* resources */,
				1FF06CCE1D7D609A0032943B /* src */,
			);
			path = DropDown;
			sourceTree = "<group>";
		};
		1FF06CC71D7D609A0032943B /* helpers */ = {
			isa = PBXGroup;
			children = (
				1FF06CC81D7D609A0032943B /* DPDConstants.swift */,
				1FF06CC91D7D609A0032943B /* DPDKeyboardListener.swift */,
				1FF06CCA1D7D609A0032943B /* DPDUIView+Extension.swift */,
			);
			path = helpers;
			sourceTree = "<group>";
		};
		1FF06CCC1D7D609A0032943B /* resources */ = {
			isa = PBXGroup;
			children = (
				1FF06CCD1D7D609A0032943B /* DropDownCell.xib */,
			);
			path = resources;
			sourceTree = "<group>";
		};
		1FF06CCE1D7D609A0032943B /* src */ = {
			isa = PBXGroup;
			children = (
				1FF06CCF1D7D609A0032943B /* DropDown+Appearance.swift */,
				1FF06CD01D7D609A0032943B /* DropDown.swift */,
				1FF06CD11D7D609A0032943B /* DropDownCell.swift */,
			);
			path = src;
			sourceTree = "<group>";
		};
		1FF06CDA1D7D6D6B0032943B /* View */ = {
			isa = PBXGroup;
			children = (
				1FF06CDB1D7D6D970032943B /* ChChFindJobTableViewCell.swift */,
				1FF06CDC1D7D6D970032943B /* ChChFindJobTableViewCell.xib */,
				1FA93F4F1D7EC78300CBFE48 /* ChChFindEmployerTableViewCell.swift */,
				1FA93F501D7EC78300CBFE48 /* ChChFindEmployerTableViewCell.xib */,
				1F482B8D1D7FE9C80079A62B /* ChChCityTableViewCell.swift */,
				1F482B8E1D7FE9C80079A62B /* ChChCityTableViewCell.xib */,
				1F482B9B1D8002560079A62B /* ChChSearchTableViewCell.swift */,
				1FDB00161D8F8ED9007043B4 /* CHSChCompanyPositionTableViewCell.swift */,
				1FDB00171D8F8ED9007043B4 /* CHSChCompanyPositionTableViewCell.xib */,
				1FF3C6A41D927E040069DD23 /* CHSChInterviewEvaHeaderTableViewCell.swift */,
				1FF3C6A51D927E040069DD23 /* CHSChInterviewEvaHeaderTableViewCell.xib */,
				1FF3C6AA1D927E380069DD23 /* CHSChInterviewEvaTableViewCell.swift */,
				1FF3C6AB1D927E380069DD23 /* CHSChInterviewEvaTableViewCell.xib */,
			);
			name = View;
			sourceTree = "<group>";
		};
		1FF524D81D88F6EC00E1B70F /* MBProgressHUD */ = {
			isa = PBXGroup;
			children = (
				1FF524DA1D88F6EC00E1B70F /* MBProgressHUD.h */,
				1FF524DB1D88F6EC00E1B70F /* MBProgressHUD.m */,
			);
			path = MBProgressHUD;
			sourceTree = "<group>";
		};
		1FF9DB251D9629C300F0C69D /* View */ = {
			isa = PBXGroup;
			children = (
				1FF9DB261D9629F500F0C69D /* FTMiMyHiringRecordTableViewCell.swift */,
				1FF9DB271D9629F500F0C69D /* FTMiMyHiringRecordTableViewCell.xib */,
				1FB6D5FD1D9BC3BA00262BBD /* FTMiMyRewardTableViewCell.swift */,
				1FB6D5FE1D9BC3BA00262BBD /* FTMiMyRewardTableViewCell.xib */,
			);
			name = View;
			sourceTree = "<group>";
		};
		7D0BA4E52437BC3903C79784 /* Frameworks */ = {
			isa = PBXGroup;
			children = (
				1F7B30391D7FA36600D0BF56 /* MapKit.framework */,
				02CC2341262A77985746D107 /* Pods_Challenge_high_salary.framework */,
			);
			name = Frameworks;
			sourceTree = "<group>";
		};
		BCA9C4F0795B8C4D841F1915 /* Pods */ = {
			isa = PBXGroup;
			children = (
				87ABDA8E1A9C795C2B8D637C /* Pods-Challenge_high_salary.debug.xcconfig */,
				897E3E940467E77F77214C28 /* Pods-Challenge_high_salary.release.xcconfig */,
			);
			name = Pods;
			sourceTree = "<group>";
		};
/* End PBXGroup section */

/* Begin PBXNativeTarget section */
		1FCDFEBB1D73E6DB0067970B /* Challenge_high_salary */ = {
			isa = PBXNativeTarget;
			buildConfigurationList = 1FCDFEE41D73E6DB0067970B /* Build configuration list for PBXNativeTarget "Challenge_high_salary" */;
			buildPhases = (
				CC57BAF3632C08DCE9EEC4CC /* [CP] Check Pods Manifest.lock */,
				1FCDFEB81D73E6DB0067970B /* Sources */,
				1FCDFEB91D73E6DB0067970B /* Frameworks */,
				1FCDFEBA1D73E6DB0067970B /* Resources */,
				3FCC6F673413A1A8E82C7215 /* [CP] Embed Pods Frameworks */,
				D64A6C8BB965E9364CB5CA68 /* [CP] Copy Pods Resources */,
			);
			buildRules = (
			);
			dependencies = (
			);
			name = Challenge_high_salary;
			productName = Challenge_high_salary;
			productReference = 1FCDFEBC1D73E6DB0067970B /* Challenge_high_salary.app */;
			productType = "com.apple.product-type.application";
		};
		1FCDFECF1D73E6DB0067970B /* Challenge_high_salaryTests */ = {
			isa = PBXNativeTarget;
			buildConfigurationList = 1FCDFEE71D73E6DB0067970B /* Build configuration list for PBXNativeTarget "Challenge_high_salaryTests" */;
			buildPhases = (
				1FCDFECC1D73E6DB0067970B /* Sources */,
				1FCDFECD1D73E6DB0067970B /* Frameworks */,
				1FCDFECE1D73E6DB0067970B /* Resources */,
			);
			buildRules = (
			);
			dependencies = (
				1FCDFED21D73E6DB0067970B /* PBXTargetDependency */,
			);
			name = Challenge_high_salaryTests;
			productName = Challenge_high_salaryTests;
			productReference = 1FCDFED01D73E6DB0067970B /* Challenge_high_salaryTests.xctest */;
			productType = "com.apple.product-type.bundle.unit-test";
		};
		1FCDFEDA1D73E6DB0067970B /* Challenge_high_salaryUITests */ = {
			isa = PBXNativeTarget;
			buildConfigurationList = 1FCDFEEA1D73E6DB0067970B /* Build configuration list for PBXNativeTarget "Challenge_high_salaryUITests" */;
			buildPhases = (
				1FCDFED71D73E6DB0067970B /* Sources */,
				1FCDFED81D73E6DB0067970B /* Frameworks */,
				1FCDFED91D73E6DB0067970B /* Resources */,
			);
			buildRules = (
			);
			dependencies = (
				1FCDFEDD1D73E6DB0067970B /* PBXTargetDependency */,
			);
			name = Challenge_high_salaryUITests;
			productName = Challenge_high_salaryUITests;
			productReference = 1FCDFEDB1D73E6DB0067970B /* Challenge_high_salaryUITests.xctest */;
			productType = "com.apple.product-type.bundle.ui-testing";
		};
/* End PBXNativeTarget section */

/* Begin PBXProject section */
		1FCDFEB41D73E6DB0067970B /* Project object */ = {
			isa = PBXProject;
			attributes = {
				LastSwiftUpdateCheck = 0730;
				LastUpgradeCheck = 0730;
				ORGANIZATIONNAME = "北京校酷网络科技公司";
				TargetAttributes = {
					1FCDFEBB1D73E6DB0067970B = {
						CreatedOnToolsVersion = 7.3.1;
						DevelopmentTeam = 3A2JWVZ2N2;
					};
					1FCDFECF1D73E6DB0067970B = {
						CreatedOnToolsVersion = 7.3.1;
						TestTargetID = 1FCDFEBB1D73E6DB0067970B;
					};
					1FCDFEDA1D73E6DB0067970B = {
						CreatedOnToolsVersion = 7.3.1;
						TestTargetID = 1FCDFEBB1D73E6DB0067970B;
					};
				};
			};
			buildConfigurationList = 1FCDFEB71D73E6DB0067970B /* Build configuration list for PBXProject "Challenge_high_salary" */;
			compatibilityVersion = "Xcode 3.2";
			developmentRegion = English;
			hasScannedForEncodings = 0;
			knownRegions = (
				en,
				Base,
			);
			mainGroup = 1FCDFEB31D73E6DB0067970B;
			productRefGroup = 1FCDFEBD1D73E6DB0067970B /* Products */;
			projectDirPath = "";
			projectRoot = "";
			targets = (
				1FCDFEBB1D73E6DB0067970B /* Challenge_high_salary */,
				1FCDFECF1D73E6DB0067970B /* Challenge_high_salaryTests */,
				1FCDFEDA1D73E6DB0067970B /* Challenge_high_salaryUITests */,
			);
		};
/* End PBXProject section */

/* Begin PBXResourcesBuildPhase section */
		1FCDFEBA1D73E6DB0067970B /* Resources */ = {
			isa = PBXResourcesBuildPhase;
			buildActionMask = 2147483647;
			files = (
				1FF06CD61D7D609A0032943B /* DropDownCell.xib in Resources */,
				1FB6D6001D9BC3BA00262BBD /* FTMiMyRewardTableViewCell.xib in Resources */,
				1FB6D5F41D9B98BE00262BBD /* CHSMiMyBounsTableViewCell.xib in Resources */,
				1FF9DB291D9629F500F0C69D /* FTMiMyHiringRecordTableViewCell.xib in Resources */,
				1FF9DB221D9624DB00F0C69D /* FTTalentTableViewCell.xib in Resources */,
				1FF06CDE1D7D6D970032943B /* ChChFindJobTableViewCell.xib in Resources */,
				1F482B901D7FE9C80079A62B /* ChChCityTableViewCell.xib in Resources */,
				1FF3C6A71D927E040069DD23 /* CHSChInterviewEvaHeaderTableViewCell.xib in Resources */,
				1FDB00191D8F8ED9007043B4 /* CHSChCompanyPositionTableViewCell.xib in Resources */,
				1FCDFECA1D73E6DB0067970B /* LaunchScreen.storyboard in Resources */,
				1FA93F521D7EC78300CBFE48 /* ChChFindEmployerTableViewCell.xib in Resources */,
				1FF3C6AD1D927E380069DD23 /* CHSChInterviewEvaTableViewCell.xib in Resources */,
				1FCDFEC71D73E6DB0067970B /* Assets.xcassets in Resources */,
				1FCDFEC51D73E6DB0067970B /* Main.storyboard in Resources */,
				1F1224D51D976FEA0094C6CE /* CHSReResumePreviewViewController.xib in Resources */,
				1FF06CD51D7D609A0032943B /* Info.plist in Resources */,
				1F482B8C1D7FBE400079A62B /* citydict.plist in Resources */,
				1FB6D5FA1D9B9EA700262BBD /* CHSMiMyBlacklistTableViewCell.xib in Resources */,
				1F4FD2671D76C01D00FF7040 /* FontAwesome.ttf in Resources */,
			);
			runOnlyForDeploymentPostprocessing = 0;
		};
		1FCDFECE1D73E6DB0067970B /* Resources */ = {
			isa = PBXResourcesBuildPhase;
			buildActionMask = 2147483647;
			files = (
			);
			runOnlyForDeploymentPostprocessing = 0;
		};
		1FCDFED91D73E6DB0067970B /* Resources */ = {
			isa = PBXResourcesBuildPhase;
			buildActionMask = 2147483647;
			files = (
			);
			runOnlyForDeploymentPostprocessing = 0;
		};
/* End PBXResourcesBuildPhase section */

/* Begin PBXShellScriptBuildPhase section */
		3FCC6F673413A1A8E82C7215 /* [CP] Embed Pods Frameworks */ = {
			isa = PBXShellScriptBuildPhase;
			buildActionMask = 2147483647;
			files = (
			);
			inputPaths = (
			);
			name = "[CP] Embed Pods Frameworks";
			outputPaths = (
			);
			runOnlyForDeploymentPostprocessing = 0;
			shellPath = /bin/sh;
			shellScript = "\"${SRCROOT}/Pods/Target Support Files/Pods-Challenge_high_salary/Pods-Challenge_high_salary-frameworks.sh\"\n";
			showEnvVarsInLog = 0;
		};
		CC57BAF3632C08DCE9EEC4CC /* [CP] Check Pods Manifest.lock */ = {
			isa = PBXShellScriptBuildPhase;
			buildActionMask = 2147483647;
			files = (
			);
			inputPaths = (
			);
			name = "[CP] Check Pods Manifest.lock";
			outputPaths = (
			);
			runOnlyForDeploymentPostprocessing = 0;
			shellPath = /bin/sh;
			shellScript = "diff \"${PODS_ROOT}/../Podfile.lock\" \"${PODS_ROOT}/Manifest.lock\" > /dev/null\nif [[ $? != 0 ]] ; then\n    cat << EOM\nerror: The sandbox is not in sync with the Podfile.lock. Run 'pod install' or update your CocoaPods installation.\nEOM\n    exit 1\nfi\n";
			showEnvVarsInLog = 0;
		};
		D64A6C8BB965E9364CB5CA68 /* [CP] Copy Pods Resources */ = {
			isa = PBXShellScriptBuildPhase;
			buildActionMask = 2147483647;
			files = (
			);
			inputPaths = (
			);
			name = "[CP] Copy Pods Resources";
			outputPaths = (
			);
			runOnlyForDeploymentPostprocessing = 0;
			shellPath = /bin/sh;
			shellScript = "\"${SRCROOT}/Pods/Target Support Files/Pods-Challenge_high_salary/Pods-Challenge_high_salary-resources.sh\"\n";
			showEnvVarsInLog = 0;
		};
/* End PBXShellScriptBuildPhase section */

/* Begin PBXSourcesBuildPhase section */
		1FCDFEB81D73E6DB0067970B /* Sources */ = {
			isa = PBXSourcesBuildPhase;
			buildActionMask = 2147483647;
			files = (
				1F482B8F1D7FE9C80079A62B /* ChChCityTableViewCell.swift in Sources */,
				1F4FD2651D76C01D00FF7040 /* BButton.m in Sources */,
				1FDB00261D8FD2A0007043B4 /* CHSMiSettingViewController.swift in Sources */,
				1F482B921D7FF7B80079A62B /* ChChSearchViewController.swift in Sources */,
				1FF524D11D88DBD800E1B70F /* LoginNetUtil.swift in Sources */,
				1F1224DB1D97AEA60094C6CE /* CHSReEditEduExperienceViewController.swift in Sources */,
				1F87411B1D82AF47007B8793 /* LoForgetPasswordViewController.swift in Sources */,
				1FDB00211D8FC70B007043B4 /* CHSReMyAdvantagesViewController.swift in Sources */,
				1FB6D5FF1D9BC3BA00262BBD /* FTMiMyRewardTableViewCell.swift in Sources */,
				1FF9DB181D96216500F0C69D /* FTMiSettingViewController.swift in Sources */,
				1FF06CBE1D7D17860032943B /* ChReHomeViewController.swift in Sources */,
				1FB6D5F91D9B9EA700262BBD /* CHSMiMyBlacklistTableViewCell.swift in Sources */,
				1FDB00241D8FCB4A007043B4 /* CHSMiHomeTableViewCell.swift in Sources */,
				1FB6D5FC1D9BC31400262BBD /* FTMiMyRewardViewController.swift in Sources */,
				1FDB001D1D8FB712007043B4 /* CHSReJobExperienceViewController.swift in Sources */,
				1FF06CC01D7D17960032943B /* ChChHomeViewController.swift in Sources */,
				1FF9DB1A1D9622CA00F0C69D /* FTMiMyCollectionViewController.swift in Sources */,
				1FEF80A41D810E5700486F9C /* FTTaNoPositionTableViewCell.swift in Sources */,
				1FF524D71D88EC2B00E1B70F /* D3Model.swift in Sources */,
				1FEF809F1D810A5B00486F9C /* FTMeHomeViewController.swift in Sources */,
				1FF06CD31D7D609A0032943B /* DPDKeyboardListener.swift in Sources */,
				1FEC64DA1D9120A60045038C /* CHSMiSetPasswordViewController.swift in Sources */,
				1FF06CD21D7D609A0032943B /* DPDConstants.swift in Sources */,
				1FF06CC41D7D50E20032943B /* LFLUISegmentedControl.m in Sources */,
				1FB6D5F01D9B985C00262BBD /* CHSMiMyBonusViewController.swift in Sources */,
				1FB6D5F31D9B98BE00262BBD /* CHSMiMyBounsTableViewCell.swift in Sources */,
				1FCDFEC21D73E6DB0067970B /* ViewController.swift in Sources */,
				1FD7FBD61D795BA70032221D /* WeHomeViewController.swift in Sources */,
				1FF06CD71D7D609A0032943B /* DropDown+Appearance.swift in Sources */,
				1FF3C6A61D927E040069DD23 /* CHSChInterviewEvaHeaderTableViewCell.swift in Sources */,
				1F4FD2681D76C01D00FF7040 /* UIColor+BButton.m in Sources */,
				1FF9DB161D96145D00F0C69D /* GuideViewController.swift in Sources */,
				1FDB001F1D8FC5D7007043B4 /* CHSReProjectExperienceViewController.swift in Sources */,
				1FEF80981D810A0400486F9C /* FTRoHomeViewController.swift in Sources */,
				1FF3C6A11D9269F70069DD23 /* CHSMiMyDeliveryRecordViewController.swift in Sources */,
				1FF06CD91D7D609A0032943B /* DropDownCell.swift in Sources */,
				1FDB001B1D8FB0EE007043B4 /* CHSChCompanyPositionListViewController.swift in Sources */,
				1F14AF431D93CD0A00456A80 /* FTTaRetrievalViewController.swift in Sources */,
				1FDB00181D8F8ED9007043B4 /* CHSChCompanyPositionTableViewCell.swift in Sources */,
				1FF9DB281D9629F500F0C69D /* FTMiMyHiringRecordTableViewCell.swift in Sources */,
				1FEF809D1D810A4D00486F9C /* FTTaHomeViewController.swift in Sources */,
				1FA93F511D7EC78300CBFE48 /* ChChFindEmployerTableViewCell.swift in Sources */,
				1FF06CD41D7D609A0032943B /* DPDUIView+Extension.swift in Sources */,
				1FB6D5F61D9B9E1900262BBD /* CHSMiMyBlacklistViewController.swift in Sources */,
				1FF524DE1D88F6EC00E1B70F /* MBProgressHUD.m in Sources */,
				1F1224D71D979CA60094C6CE /* CHSRePreviewViewController.swift in Sources */,
				1F482B891D7FBD630079A62B /* ChChCityViewController.swift in Sources */,
				1FF06CDD1D7D6D970032943B /* ChChFindJobTableViewCell.swift in Sources */,
				1FF06CBC1D7D17760032943B /* ChMeHomeViewController.swift in Sources */,
				1FF06CB41D7D16540032943B /* CHRoHomeViewController.swift in Sources */,
				1FF3C6AC1D927E380069DD23 /* CHSChInterviewEvaTableViewCell.swift in Sources */,
				1F1224D41D976FEA0094C6CE /* CHSReResumePreviewViewController.swift in Sources */,
				1FB6D5EE1D9B8D0700262BBD /* CHSMiNetUtil.swift in Sources */,
				1F482B9C1D8002560079A62B /* ChChSearchTableViewCell.swift in Sources */,
				1F87411D1D82C22B007B8793 /* LoRegisterViewController.swift in Sources */,
				1FEC64DE1D9121460045038C /* CHSMiCheckPasswordViewController.swift in Sources */,
				1FDB00131D8F7490007043B4 /* CHSChCompanyHomeViewController.swift in Sources */,
				1FF3C69F1D9264E70069DD23 /* CHSMiMyCollectionViewController.swift in Sources */,
				1FF3C6A31D926E210069DD23 /* CHSChCompanyInterviewEvaluationViewController.swift in Sources */,
				1F9CE7C11D87D4DB002E6632 /* CHSReEditPersonalInfoViewController.swift in Sources */,
				1FF3C69D1D9262100069DD23 /* CHSMiAboutUsViewController.swift in Sources */,
				1FB6D5EB1D9B5B2A00262BBD /* CHSUserInfo.swift in Sources */,
				1FB311551D9666F400217DDA /* FTTaCompanyInfoViewController.swift in Sources */,
				1F4FD2661D76C01D00FF7040 /* NSString+FontAwesome.m in Sources */,
				1FEC64E01D912AF70045038C /* CHSMiMessageRemindViewController.swift in Sources */,
				1F180F6C1D8E40CC00EDBCE3 /* CHSChRetrievalViewController.swift in Sources */,
				1FB311531D96615400217DDA /* FTTaPositionViewController.swift in Sources */,
				1FF06CD81D7D609A0032943B /* DropDown.swift in Sources */,
				1FF06CBA1D7D16A20032943B /* ChMiHomeViewController.swift in Sources */,
				1FEC64DC1D9120C50045038C /* CHSMiPhoneBindingViewController.swift in Sources */,
				1FCDFF011D7411160067970B /* LoHomeViewController.swift in Sources */,
				1FF9DB241D96298300F0C69D /* FTMiMyHiringRecordViewController.swift in Sources */,
				1FF524D51D88E8C700E1B70F /* LoginModel.swift in Sources */,
				1FEF80A11D810A7600486F9C /* FTMiHomeViewController.swift in Sources */,
				1FF9DB211D9624DB00F0C69D /* FTTalentTableViewCell.swift in Sources */,
				1F180F701D8E6EE800EDBCE3 /* CHSChPersonalInfoViewController.swift in Sources */,
				1FCDFEC01D73E6DB0067970B /* AppDelegate.swift in Sources */,
				1F4FD25B1D767CC500FF7040 /* Tool.swift in Sources */,
				1F1224D91D97AE5A0094C6CE /* CHSReEduExperienceViewController.swift in Sources */,
				1F9CE7C31D8802FC002E6632 /* CHSReJobIntensionViewController.swift in Sources */,
			);
			runOnlyForDeploymentPostprocessing = 0;
		};
		1FCDFECC1D73E6DB0067970B /* Sources */ = {
			isa = PBXSourcesBuildPhase;
			buildActionMask = 2147483647;
			files = (
				1FCDFED51D73E6DB0067970B /* Challenge_high_salaryTests.swift in Sources */,
			);
			runOnlyForDeploymentPostprocessing = 0;
		};
		1FCDFED71D73E6DB0067970B /* Sources */ = {
			isa = PBXSourcesBuildPhase;
			buildActionMask = 2147483647;
			files = (
				1FCDFEE01D73E6DB0067970B /* Challenge_high_salaryUITests.swift in Sources */,
			);
			runOnlyForDeploymentPostprocessing = 0;
		};
/* End PBXSourcesBuildPhase section */

/* Begin PBXTargetDependency section */
		1FCDFED21D73E6DB0067970B /* PBXTargetDependency */ = {
			isa = PBXTargetDependency;
			target = 1FCDFEBB1D73E6DB0067970B /* Challenge_high_salary */;
			targetProxy = 1FCDFED11D73E6DB0067970B /* PBXContainerItemProxy */;
		};
		1FCDFEDD1D73E6DB0067970B /* PBXTargetDependency */ = {
			isa = PBXTargetDependency;
			target = 1FCDFEBB1D73E6DB0067970B /* Challenge_high_salary */;
			targetProxy = 1FCDFEDC1D73E6DB0067970B /* PBXContainerItemProxy */;
		};
/* End PBXTargetDependency section */

/* Begin PBXVariantGroup section */
		1FCDFEC31D73E6DB0067970B /* Main.storyboard */ = {
			isa = PBXVariantGroup;
			children = (
				1FCDFEC41D73E6DB0067970B /* Base */,
			);
			name = Main.storyboard;
			sourceTree = "<group>";
		};
		1FCDFEC81D73E6DB0067970B /* LaunchScreen.storyboard */ = {
			isa = PBXVariantGroup;
			children = (
				1FCDFEC91D73E6DB0067970B /* Base */,
			);
			name = LaunchScreen.storyboard;
			sourceTree = "<group>";
		};
/* End PBXVariantGroup section */

/* Begin XCBuildConfiguration section */
		1FCDFEE21D73E6DB0067970B /* Debug */ = {
			isa = XCBuildConfiguration;
			buildSettings = {
				ALWAYS_SEARCH_USER_PATHS = NO;
				CLANG_ANALYZER_NONNULL = YES;
				CLANG_CXX_LANGUAGE_STANDARD = "gnu++0x";
				CLANG_CXX_LIBRARY = "libc++";
				CLANG_ENABLE_MODULES = YES;
				CLANG_ENABLE_OBJC_ARC = YES;
				CLANG_WARN_BOOL_CONVERSION = YES;
				CLANG_WARN_CONSTANT_CONVERSION = YES;
				CLANG_WARN_DIRECT_OBJC_ISA_USAGE = YES_ERROR;
				CLANG_WARN_EMPTY_BODY = YES;
				CLANG_WARN_ENUM_CONVERSION = YES;
				CLANG_WARN_INT_CONVERSION = YES;
				CLANG_WARN_OBJC_ROOT_CLASS = YES_ERROR;
				CLANG_WARN_UNREACHABLE_CODE = YES;
				CLANG_WARN__DUPLICATE_METHOD_MATCH = YES;
				"CODE_SIGN_IDENTITY[sdk=iphoneos*]" = "iPhone Developer";
				COPY_PHASE_STRIP = NO;
				DEBUG_INFORMATION_FORMAT = dwarf;
				ENABLE_STRICT_OBJC_MSGSEND = YES;
				ENABLE_TESTABILITY = YES;
				GCC_C_LANGUAGE_STANDARD = gnu99;
				GCC_DYNAMIC_NO_PIC = NO;
				GCC_NO_COMMON_BLOCKS = YES;
				GCC_OPTIMIZATION_LEVEL = 0;
				GCC_PREPROCESSOR_DEFINITIONS = (
					"DEBUG=1",
					"$(inherited)",
				);
				GCC_WARN_64_TO_32_BIT_CONVERSION = YES;
				GCC_WARN_ABOUT_RETURN_TYPE = YES_ERROR;
				GCC_WARN_UNDECLARED_SELECTOR = YES;
				GCC_WARN_UNINITIALIZED_AUTOS = YES_AGGRESSIVE;
				GCC_WARN_UNUSED_FUNCTION = YES;
				GCC_WARN_UNUSED_VARIABLE = YES;
				IPHONEOS_DEPLOYMENT_TARGET = 9.3;
				MTL_ENABLE_DEBUG_INFO = YES;
				ONLY_ACTIVE_ARCH = YES;
				SDKROOT = iphoneos;
				SWIFT_OPTIMIZATION_LEVEL = "-Onone";
			};
			name = Debug;
		};
		1FCDFEE31D73E6DB0067970B /* Release */ = {
			isa = XCBuildConfiguration;
			buildSettings = {
				ALWAYS_SEARCH_USER_PATHS = NO;
				CLANG_ANALYZER_NONNULL = YES;
				CLANG_CXX_LANGUAGE_STANDARD = "gnu++0x";
				CLANG_CXX_LIBRARY = "libc++";
				CLANG_ENABLE_MODULES = YES;
				CLANG_ENABLE_OBJC_ARC = YES;
				CLANG_WARN_BOOL_CONVERSION = YES;
				CLANG_WARN_CONSTANT_CONVERSION = YES;
				CLANG_WARN_DIRECT_OBJC_ISA_USAGE = YES_ERROR;
				CLANG_WARN_EMPTY_BODY = YES;
				CLANG_WARN_ENUM_CONVERSION = YES;
				CLANG_WARN_INT_CONVERSION = YES;
				CLANG_WARN_OBJC_ROOT_CLASS = YES_ERROR;
				CLANG_WARN_UNREACHABLE_CODE = YES;
				CLANG_WARN__DUPLICATE_METHOD_MATCH = YES;
				"CODE_SIGN_IDENTITY[sdk=iphoneos*]" = "iPhone Developer";
				COPY_PHASE_STRIP = NO;
				DEBUG_INFORMATION_FORMAT = "dwarf-with-dsym";
				ENABLE_NS_ASSERTIONS = NO;
				ENABLE_STRICT_OBJC_MSGSEND = YES;
				GCC_C_LANGUAGE_STANDARD = gnu99;
				GCC_NO_COMMON_BLOCKS = YES;
				GCC_WARN_64_TO_32_BIT_CONVERSION = YES;
				GCC_WARN_ABOUT_RETURN_TYPE = YES_ERROR;
				GCC_WARN_UNDECLARED_SELECTOR = YES;
				GCC_WARN_UNINITIALIZED_AUTOS = YES_AGGRESSIVE;
				GCC_WARN_UNUSED_FUNCTION = YES;
				GCC_WARN_UNUSED_VARIABLE = YES;
				IPHONEOS_DEPLOYMENT_TARGET = 9.3;
				MTL_ENABLE_DEBUG_INFO = NO;
				SDKROOT = iphoneos;
				VALIDATE_PRODUCT = YES;
			};
			name = Release;
		};
		1FCDFEE51D73E6DB0067970B /* Debug */ = {
			isa = XCBuildConfiguration;
			baseConfigurationReference = 87ABDA8E1A9C795C2B8D637C /* Pods-Challenge_high_salary.debug.xcconfig */;
			buildSettings = {
				ASSETCATALOG_COMPILER_APPICON_NAME = AppIcon;
				CODE_SIGN_IDENTITY = "iPhone Developer";
				"CODE_SIGN_IDENTITY[sdk=iphoneos*]" = "iPhone Developer";
				INFOPLIST_FILE = Challenge_high_salary/Info.plist;
				IPHONEOS_DEPLOYMENT_TARGET = 8.0;
				LD_RUNPATH_SEARCH_PATHS = "$(inherited) @executable_path/Frameworks";
				PRODUCT_BUNDLE_IDENTIFIER = "com.xiaocool.Challenge-high-salary";
				PRODUCT_NAME = "$(TARGET_NAME)";
				PROVISIONING_PROFILE = "";
				SWIFT_OBJC_BRIDGING_HEADER = "$(SRCROOT)/Challenge_high_salary/Challenge_high_salary-Bridging-Header.h";
			};
			name = Debug;
		};
		1FCDFEE61D73E6DB0067970B /* Release */ = {
			isa = XCBuildConfiguration;
			baseConfigurationReference = 897E3E940467E77F77214C28 /* Pods-Challenge_high_salary.release.xcconfig */;
			buildSettings = {
				ASSETCATALOG_COMPILER_APPICON_NAME = AppIcon;
				CODE_SIGN_IDENTITY = "iPhone Developer";
				"CODE_SIGN_IDENTITY[sdk=iphoneos*]" = "iPhone Developer";
				INFOPLIST_FILE = Challenge_high_salary/Info.plist;
				IPHONEOS_DEPLOYMENT_TARGET = 8.0;
				LD_RUNPATH_SEARCH_PATHS = "$(inherited) @executable_path/Frameworks";
				PRODUCT_BUNDLE_IDENTIFIER = "com.xiaocool.Challenge-high-salary";
				PRODUCT_NAME = "$(TARGET_NAME)";
				PROVISIONING_PROFILE = "";
				SWIFT_OBJC_BRIDGING_HEADER = "$(SRCROOT)/Challenge_high_salary/Challenge_high_salary-Bridging-Header.h";
			};
			name = Release;
		};
		1FCDFEE81D73E6DB0067970B /* Debug */ = {
			isa = XCBuildConfiguration;
			buildSettings = {
				BUNDLE_LOADER = "$(TEST_HOST)";
				INFOPLIST_FILE = Challenge_high_salaryTests/Info.plist;
				LD_RUNPATH_SEARCH_PATHS = "$(inherited) @executable_path/Frameworks @loader_path/Frameworks";
				PRODUCT_BUNDLE_IDENTIFIER = "com.xiaocool.Challenge-high-salaryTests";
				PRODUCT_NAME = "$(TARGET_NAME)";
				TEST_HOST = "$(BUILT_PRODUCTS_DIR)/Challenge_high_salary.app/Challenge_high_salary";
			};
			name = Debug;
		};
		1FCDFEE91D73E6DB0067970B /* Release */ = {
			isa = XCBuildConfiguration;
			buildSettings = {
				BUNDLE_LOADER = "$(TEST_HOST)";
				INFOPLIST_FILE = Challenge_high_salaryTests/Info.plist;
				LD_RUNPATH_SEARCH_PATHS = "$(inherited) @executable_path/Frameworks @loader_path/Frameworks";
				PRODUCT_BUNDLE_IDENTIFIER = "com.xiaocool.Challenge-high-salaryTests";
				PRODUCT_NAME = "$(TARGET_NAME)";
				TEST_HOST = "$(BUILT_PRODUCTS_DIR)/Challenge_high_salary.app/Challenge_high_salary";
			};
			name = Release;
		};
		1FCDFEEB1D73E6DB0067970B /* Debug */ = {
			isa = XCBuildConfiguration;
			buildSettings = {
				INFOPLIST_FILE = Challenge_high_salaryUITests/Info.plist;
				LD_RUNPATH_SEARCH_PATHS = "$(inherited) @executable_path/Frameworks @loader_path/Frameworks";
				PRODUCT_BUNDLE_IDENTIFIER = "com.xiaocool.Challenge-high-salaryUITests";
				PRODUCT_NAME = "$(TARGET_NAME)";
				TEST_TARGET_NAME = Challenge_high_salary;
			};
			name = Debug;
		};
		1FCDFEEC1D73E6DB0067970B /* Release */ = {
			isa = XCBuildConfiguration;
			buildSettings = {
				INFOPLIST_FILE = Challenge_high_salaryUITests/Info.plist;
				LD_RUNPATH_SEARCH_PATHS = "$(inherited) @executable_path/Frameworks @loader_path/Frameworks";
				PRODUCT_BUNDLE_IDENTIFIER = "com.xiaocool.Challenge-high-salaryUITests";
				PRODUCT_NAME = "$(TARGET_NAME)";
				TEST_TARGET_NAME = Challenge_high_salary;
			};
			name = Release;
		};
/* End XCBuildConfiguration section */

/* Begin XCConfigurationList section */
		1FCDFEB71D73E6DB0067970B /* Build configuration list for PBXProject "Challenge_high_salary" */ = {
			isa = XCConfigurationList;
			buildConfigurations = (
				1FCDFEE21D73E6DB0067970B /* Debug */,
				1FCDFEE31D73E6DB0067970B /* Release */,
			);
			defaultConfigurationIsVisible = 0;
			defaultConfigurationName = Release;
		};
		1FCDFEE41D73E6DB0067970B /* Build configuration list for PBXNativeTarget "Challenge_high_salary" */ = {
			isa = XCConfigurationList;
			buildConfigurations = (
				1FCDFEE51D73E6DB0067970B /* Debug */,
				1FCDFEE61D73E6DB0067970B /* Release */,
			);
			defaultConfigurationIsVisible = 0;
			defaultConfigurationName = Release;
		};
		1FCDFEE71D73E6DB0067970B /* Build configuration list for PBXNativeTarget "Challenge_high_salaryTests" */ = {
			isa = XCConfigurationList;
			buildConfigurations = (
				1FCDFEE81D73E6DB0067970B /* Debug */,
				1FCDFEE91D73E6DB0067970B /* Release */,
			);
			defaultConfigurationIsVisible = 0;
			defaultConfigurationName = Release;
		};
		1FCDFEEA1D73E6DB0067970B /* Build configuration list for PBXNativeTarget "Challenge_high_salaryUITests" */ = {
			isa = XCConfigurationList;
			buildConfigurations = (
				1FCDFEEB1D73E6DB0067970B /* Debug */,
				1FCDFEEC1D73E6DB0067970B /* Release */,
			);
			defaultConfigurationIsVisible = 0;
			defaultConfigurationName = Release;
		};
/* End XCConfigurationList section */
	};
	rootObject = 1FCDFEB41D73E6DB0067970B /* Project object */;
}
